Acquiring state lock. This may take a few moments...
[0m[1mmodule.web_client_prod.aws_s3_bucket_website_configuration.web_bucket: Refreshing state... [id=smmp-web-client-prod][0m
[0m[1mmodule.web_client_dev.aws_s3_bucket_website_configuration.web_bucket: Refreshing state... [id=smmp-web-client-dev][0m
[0m[1mmodule.api_proxy_dev.aws_eip.myElasticIP: Refreshing state... [id=eipalloc-07fd9d649c90e0fe4][0m
[0m[1mmodule.api_proxy_dev.aws_key_pair.terraform-keys: Refreshing state... [id=SMMP_DEV_ShhKey][0m
[0m[1mmodule.web_client_dev.aws_s3_bucket.web_bucket: Refreshing state... [id=smmp-web-client-dev][0m
[0m[1mmodule.api_proxy_dev.aws_instance.api_instance: Refreshing state... [id=i-0dd7063e57fc5aec2][0m
[0m[1mmodule.api_proxy_prod.aws_instance.api_instance: Refreshing state... [id=i-0e7d357b4190bd851][0m
[0m[1mmodule.api_proxy_prod.aws_security_group.api: Refreshing state... [id=sg-0b5c00d525c40a925][0m
[0m[1mmodule.cfront_web_client_dev.aws_cloudfront_distribution.www_distribution: Refreshing state... [id=ERLJJ28QGEOP][0m
[0m[1mmodule.cfront_web_client_prod.aws_cloudfront_distribution.www_distribution: Refreshing state... [id=E1Y2IJK3MX62BR][0m
[0m[1mmodule.api_proxy_dev.aws_security_group.api: Refreshing state... [id=sg-0af99246e190a34c1][0m
[0m[1mmodule.api_proxy_prod.aws_eip.myElasticIP: Refreshing state... [id=eipalloc-0f66d489b142d7a2a][0m
[0m[1mmodule.web_client_prod.aws_s3_bucket_policy.web_bucket: Refreshing state... [id=smmp-web-client-prod][0m
[0m[1mmodule.api_proxy_prod.aws_key_pair.terraform-keys: Refreshing state... [id=SMMP_PROD_ShhKey][0m
[0m[1mmodule.web_client_prod.aws_s3_bucket.web_bucket: Refreshing state... [id=smmp-web-client-prod][0m
[0m[1mmodule.web_client_dev.aws_s3_bucket_policy.web_bucket: Refreshing state... [id=smmp-web-client-dev][0m
[0m[1mmodule.web_client[1].data.aws_iam_policy_document.web_bucket_policy: Reading...[0m[0m
[0m[1mmodule.web_client[1].data.aws_iam_policy_document.web_bucket_policy: Read complete after 0s [id=2120737975][0m
[0m[1mmodule.web_client[0].data.aws_iam_policy_document.web_bucket_policy: Reading...[0m[0m
[0m[1mmodule.web_client[0].data.aws_iam_policy_document.web_bucket_policy: Read complete after 0s [id=87062028][0m

Terraform used the selected providers to generate the following execution
plan. Resource actions are indicated with the following symbols:
  [32m+[0m create
  [31m-[0m destroy
[0m
Terraform will perform the following actions:

[1m  # module.api_proxy[0].aws_eip.myElasticIP[0m will be created[0m[0m
[0m  [32m+[0m[0m resource "aws_eip" "myElasticIP" {
      [32m+[0m [0m[1m[0mallocation_id[0m[0m        = (known after apply)
      [32m+[0m [0m[1m[0massociation_id[0m[0m       = (known after apply)
      [32m+[0m [0m[1m[0mcarrier_ip[0m[0m           = (known after apply)
      [32m+[0m [0m[1m[0mcustomer_owned_ip[0m[0m    = (known after apply)
      [32m+[0m [0m[1m[0mdomain[0m[0m               = (known after apply)
      [32m+[0m [0m[1m[0mid[0m[0m                   = (known after apply)
      [32m+[0m [0m[1m[0minstance[0m[0m             = (known after apply)
      [32m+[0m [0m[1m[0mnetwork_border_group[0m[0m = (known after apply)
      [32m+[0m [0m[1m[0mnetwork_interface[0m[0m    = (known after apply)
      [32m+[0m [0m[1m[0mprivate_dns[0m[0m          = (known after apply)
      [32m+[0m [0m[1m[0mprivate_ip[0m[0m           = (known after apply)
      [32m+[0m [0m[1m[0mpublic_dns[0m[0m           = (known after apply)
      [32m+[0m [0m[1m[0mpublic_ip[0m[0m            = (known after apply)
      [32m+[0m [0m[1m[0mpublic_ipv4_pool[0m[0m     = (known after apply)
      [32m+[0m [0m[1m[0mtags[0m[0m                 = {
          [32m+[0m [0m"Product"   = "client"
          [32m+[0m [0m"Stage"     = "dev"
          [32m+[0m [0m"Terraform" = "true"
        }
      [32m+[0m [0m[1m[0mtags_all[0m[0m             = {
          [32m+[0m [0m"Product"   = "client"
          [32m+[0m [0m"Stage"     = "dev"
          [32m+[0m [0m"Terraform" = "true"
        }
      [32m+[0m [0m[1m[0mvpc[0m[0m                  = true
    }

[1m  # module.api_proxy[0].aws_instance.api_instance[0m will be created[0m[0m
[0m  [32m+[0m[0m resource "aws_instance" "api_instance" {
      [32m+[0m [0m[1m[0mami[0m[0m                                  = "ami-08c40ec9ead489470"
      [32m+[0m [0m[1m[0marn[0m[0m                                  = (known after apply)
      [32m+[0m [0m[1m[0massociate_public_ip_address[0m[0m          = (known after apply)
      [32m+[0m [0m[1m[0mavailability_zone[0m[0m                    = (known after apply)
      [32m+[0m [0m[1m[0mcpu_core_count[0m[0m                       = (known after apply)
      [32m+[0m [0m[1m[0mcpu_threads_per_core[0m[0m                 = (known after apply)
      [32m+[0m [0m[1m[0mdisable_api_stop[0m[0m                     = (known after apply)
      [32m+[0m [0m[1m[0mdisable_api_termination[0m[0m              = (known after apply)
      [32m+[0m [0m[1m[0mebs_optimized[0m[0m                        = (known after apply)
      [32m+[0m [0m[1m[0mget_password_data[0m[0m                    = false
      [32m+[0m [0m[1m[0mhost_id[0m[0m                              = (known after apply)
      [32m+[0m [0m[1m[0mhost_resource_group_arn[0m[0m              = (known after apply)
      [32m+[0m [0m[1m[0mid[0m[0m                                   = (known after apply)
      [32m+[0m [0m[1m[0minstance_initiated_shutdown_behavior[0m[0m = (known after apply)
      [32m+[0m [0m[1m[0minstance_state[0m[0m                       = (known after apply)
      [32m+[0m [0m[1m[0minstance_type[0m[0m                        = "t2.micro"
      [32m+[0m [0m[1m[0mipv6_address_count[0m[0m                   = (known after apply)
      [32m+[0m [0m[1m[0mipv6_addresses[0m[0m                       = (known after apply)
      [32m+[0m [0m[1m[0mkey_name[0m[0m                             = "SMMP_dev_ShhKey"
      [32m+[0m [0m[1m[0mmonitoring[0m[0m                           = (known after apply)
      [32m+[0m [0m[1m[0moutpost_arn[0m[0m                          = (known after apply)
      [32m+[0m [0m[1m[0mpassword_data[0m[0m                        = (known after apply)
      [32m+[0m [0m[1m[0mplacement_group[0m[0m                      = (known after apply)
      [32m+[0m [0m[1m[0mplacement_partition_number[0m[0m           = (known after apply)
      [32m+[0m [0m[1m[0mprimary_network_interface_id[0m[0m         = (known after apply)
      [32m+[0m [0m[1m[0mprivate_dns[0m[0m                          = (known after apply)
      [32m+[0m [0m[1m[0mprivate_ip[0m[0m                           = (known after apply)
      [32m+[0m [0m[1m[0mpublic_dns[0m[0m                           = (known after apply)
      [32m+[0m [0m[1m[0mpublic_ip[0m[0m                            = (known after apply)
      [32m+[0m [0m[1m[0msecondary_private_ips[0m[0m                = (known after apply)
      [32m+[0m [0m[1m[0msecurity_groups[0m[0m                      = (known after apply)
      [32m+[0m [0m[1m[0msource_dest_check[0m[0m                    = true
      [32m+[0m [0m[1m[0msubnet_id[0m[0m                            = (known after apply)
      [32m+[0m [0m[1m[0mtags[0m[0m                                 = {
          [32m+[0m [0m"Product"   = "client"
          [32m+[0m [0m"Stage"     = "dev"
          [32m+[0m [0m"Terraform" = "true"
        }
      [32m+[0m [0m[1m[0mtags_all[0m[0m                             = {
          [32m+[0m [0m"Product"   = "client"
          [32m+[0m [0m"Stage"     = "dev"
          [32m+[0m [0m"Terraform" = "true"
        }
      [32m+[0m [0m[1m[0mtenancy[0m[0m                              = (known after apply)
      [32m+[0m [0m[1m[0muser_data[0m[0m                            = (known after apply)
      [32m+[0m [0m[1m[0muser_data_base64[0m[0m                     = (known after apply)
      [32m+[0m [0m[1m[0muser_data_replace_on_change[0m[0m          = false
      [32m+[0m [0m[1m[0mvpc_security_group_ids[0m[0m               = (known after apply)

      [32m+[0m [0mcapacity_reservation_specification {
          [32m+[0m [0m[1m[0mcapacity_reservation_preference[0m[0m = (known after apply)

          [32m+[0m [0mcapacity_reservation_target {
              [32m+[0m [0m[1m[0mcapacity_reservation_id[0m[0m                 = (known after apply)
              [32m+[0m [0m[1m[0mcapacity_reservation_resource_group_arn[0m[0m = (known after apply)
            }
        }

      [32m+[0m [0mebs_block_device {
          [32m+[0m [0m[1m[0mdelete_on_termination[0m[0m = (known after apply)
          [32m+[0m [0m[1m[0mdevice_name[0m[0m           = (known after apply)
          [32m+[0m [0m[1m[0mencrypted[0m[0m             = (known after apply)
          [32m+[0m [0m[1m[0miops[0m[0m                  = (known after apply)
          [32m+[0m [0m[1m[0mkms_key_id[0m[0m            = (known after apply)
          [32m+[0m [0m[1m[0msnapshot_id[0m[0m           = (known after apply)
          [32m+[0m [0m[1m[0mtags[0m[0m                  = (known after apply)
          [32m+[0m [0m[1m[0mthroughput[0m[0m            = (known after apply)
          [32m+[0m [0m[1m[0mvolume_id[0m[0m             = (known after apply)
          [32m+[0m [0m[1m[0mvolume_size[0m[0m           = (known after apply)
          [32m+[0m [0m[1m[0mvolume_type[0m[0m           = (known after apply)
        }

      [32m+[0m [0menclave_options {
          [32m+[0m [0m[1m[0menabled[0m[0m = (known after apply)
        }

      [32m+[0m [0mephemeral_block_device {
          [32m+[0m [0m[1m[0mdevice_name[0m[0m  = (known after apply)
          [32m+[0m [0m[1m[0mno_device[0m[0m    = (known after apply)
          [32m+[0m [0m[1m[0mvirtual_name[0m[0m = (known after apply)
        }

      [32m+[0m [0mmaintenance_options {
          [32m+[0m [0m[1m[0mauto_recovery[0m[0m = (known after apply)
        }

      [32m+[0m [0mmetadata_options {
          [32m+[0m [0m[1m[0mhttp_endpoint[0m[0m               = (known after apply)
          [32m+[0m [0m[1m[0mhttp_put_response_hop_limit[0m[0m = (known after apply)
          [32m+[0m [0m[1m[0mhttp_tokens[0m[0m                 = (known after apply)
          [32m+[0m [0m[1m[0minstance_metadata_tags[0m[0m      = (known after apply)
        }

      [32m+[0m [0mnetwork_interface {
          [32m+[0m [0m[1m[0mdelete_on_termination[0m[0m = (known after apply)
          [32m+[0m [0m[1m[0mdevice_index[0m[0m          = (known after apply)
          [32m+[0m [0m[1m[0mnetwork_card_index[0m[0m    = (known after apply)
          [32m+[0m [0m[1m[0mnetwork_interface_id[0m[0m  = (known after apply)
        }

      [32m+[0m [0mprivate_dns_name_options {
          [32m+[0m [0m[1m[0menable_resource_name_dns_a_record[0m[0m    = (known after apply)
          [32m+[0m [0m[1m[0menable_resource_name_dns_aaaa_record[0m[0m = (known after apply)
          [32m+[0m [0m[1m[0mhostname_type[0m[0m                        = (known after apply)
        }

      [32m+[0m [0mroot_block_device {
          [32m+[0m [0m[1m[0mdelete_on_termination[0m[0m = (known after apply)
          [32m+[0m [0m[1m[0mdevice_name[0m[0m           = (known after apply)
          [32m+[0m [0m[1m[0mencrypted[0m[0m             = (known after apply)
          [32m+[0m [0m[1m[0miops[0m[0m                  = (known after apply)
          [32m+[0m [0m[1m[0mkms_key_id[0m[0m            = (known after apply)
          [32m+[0m [0m[1m[0mtags[0m[0m                  = (known after apply)
          [32m+[0m [0m[1m[0mthroughput[0m[0m            = (known after apply)
          [32m+[0m [0m[1m[0mvolume_id[0m[0m             = (known after apply)
          [32m+[0m [0m[1m[0mvolume_size[0m[0m           = (known after apply)
          [32m+[0m [0m[1m[0mvolume_type[0m[0m           = (known after apply)
        }
    }

[1m  # module.api_proxy[0].aws_key_pair.terraform-keys[0m will be created[0m[0m
[0m  [32m+[0m[0m resource "aws_key_pair" "terraform-keys" {
      [32m+[0m [0m[1m[0marn[0m[0m             = (known after apply)
      [32m+[0m [0m[1m[0mfingerprint[0m[0m     = (known after apply)
      [32m+[0m [0m[1m[0mid[0m[0m              = (known after apply)
      [32m+[0m [0m[1m[0mkey_name[0m[0m        = "SMMP_dev_ShhKey"
      [32m+[0m [0m[1m[0mkey_name_prefix[0m[0m = (known after apply)
      [32m+[0m [0m[1m[0mkey_pair_id[0m[0m     = (known after apply)
      [32m+[0m [0m[1m[0mkey_type[0m[0m        = (known after apply)
      [32m+[0m [0m[1m[0mpublic_key[0m[0m      = "ssh-rsa AAAAB3NzaC1yc2EAAAADAQABAAABgQCuBVUkjCGz7p9spTICkjoStpNLy6Bxa8vQwuYL24Gu8m2md2o9C/8lpqikYHzsfZhNaxud6AJlOSuBqR1BggbIyeXEJgpuz+yQwOMq3SYvau2G4TdQYehFdBrcA6uSM+JCH7dOCg4ZTFvM7+7bsy8W1L4J9H0rJEgq9zVRX/y55TxI1GceatYSFS7UMESUjle/gTmb2AFdvA1h3L7vyissFdAwobyNMueolSge5irBSOzs14RXqpR2NCRTuwQwqH+7FSpcEvP3Mt9SDVKFV34i8VU4+WO6d7DIDBMI0oSXua2ae4DZ/ZsZNnpJzKCPJmMcay5UHKBiG2Fwpli1AmLwdKYMVCLRiXE4xXIwOv4PGzEEV3/pOx8/6S+OdRDA12vSVRWAiBF4/Tt/HEfE3KgMurzb54I3VIWGur8r8bSJg7/Xmy1IsEHiBdCDQBPgo+gdzgiM+HaYf3TsAQaV8V+YJAZGCH+6kXgbH4xU7FcNnpSDA0/Uoen09lPNHv/11Zc= rogrp@DESKTOP-PQK6VNN"
      [32m+[0m [0m[1m[0mtags_all[0m[0m        = (known after apply)
    }

[1m  # module.api_proxy[0].aws_security_group.api[0m will be created[0m[0m
[0m  [32m+[0m[0m resource "aws_security_group" "api" {
      [32m+[0m [0m[1m[0marn[0m[0m                    = (known after apply)
      [32m+[0m [0m[1m[0mdescription[0m[0m            = "security group for API"
      [32m+[0m [0m[1m[0megress[0m[0m                 = [
          [32m+[0m [0m{
              [32m+[0m [0mcidr_blocks      = [
                  [32m+[0m [0m"0.0.0.0/0",
                ]
              [32m+[0m [0mdescription      = ""
              [32m+[0m [0mfrom_port        = 0
              [32m+[0m [0mipv6_cidr_blocks = []
              [32m+[0m [0mprefix_list_ids  = []
              [32m+[0m [0mprotocol         = "tcp"
              [32m+[0m [0msecurity_groups  = []
              [32m+[0m [0mself             = false
              [32m+[0m [0mto_port          = 65535
            },
          [32m+[0m [0m{
              [32m+[0m [0mcidr_blocks      = [
                  [32m+[0m [0m"0.0.0.0/0",
                ]
              [32m+[0m [0mdescription      = ""
              [32m+[0m [0mfrom_port        = 443
              [32m+[0m [0mipv6_cidr_blocks = []
              [32m+[0m [0mprefix_list_ids  = []
              [32m+[0m [0mprotocol         = "tcp"
              [32m+[0m [0msecurity_groups  = []
              [32m+[0m [0mself             = false
              [32m+[0m [0mto_port          = 443
            },
          [32m+[0m [0m{
              [32m+[0m [0mcidr_blocks      = [
                  [32m+[0m [0m"0.0.0.0/0",
                ]
              [32m+[0m [0mdescription      = ""
              [32m+[0m [0mfrom_port        = 80
              [32m+[0m [0mipv6_cidr_blocks = []
              [32m+[0m [0mprefix_list_ids  = []
              [32m+[0m [0mprotocol         = "tcp"
              [32m+[0m [0msecurity_groups  = []
              [32m+[0m [0mself             = false
              [32m+[0m [0mto_port          = 80
            },
        ]
      [32m+[0m [0m[1m[0mid[0m[0m                     = (known after apply)
      [32m+[0m [0m[1m[0mingress[0m[0m                = [
          [32m+[0m [0m{
              [32m+[0m [0mcidr_blocks      = [
                  [32m+[0m [0m"0.0.0.0/0",
                ]
              [32m+[0m [0mdescription      = ""
              [32m+[0m [0mfrom_port        = 22
              [32m+[0m [0mipv6_cidr_blocks = []
              [32m+[0m [0mprefix_list_ids  = []
              [32m+[0m [0mprotocol         = "tcp"
              [32m+[0m [0msecurity_groups  = []
              [32m+[0m [0mself             = false
              [32m+[0m [0mto_port          = 22
            },
          [32m+[0m [0m{
              [32m+[0m [0mcidr_blocks      = [
                  [32m+[0m [0m"0.0.0.0/0",
                ]
              [32m+[0m [0mdescription      = ""
              [32m+[0m [0mfrom_port        = 443
              [32m+[0m [0mipv6_cidr_blocks = []
              [32m+[0m [0mprefix_list_ids  = []
              [32m+[0m [0mprotocol         = "tcp"
              [32m+[0m [0msecurity_groups  = []
              [32m+[0m [0mself             = false
              [32m+[0m [0mto_port          = 443
            },
          [32m+[0m [0m{
              [32m+[0m [0mcidr_blocks      = [
                  [32m+[0m [0m"0.0.0.0/0",
                ]
              [32m+[0m [0mdescription      = ""
              [32m+[0m [0mfrom_port        = 80
              [32m+[0m [0mipv6_cidr_blocks = []
              [32m+[0m [0mprefix_list_ids  = []
              [32m+[0m [0mprotocol         = "tcp"
              [32m+[0m [0msecurity_groups  = []
              [32m+[0m [0mself             = false
              [32m+[0m [0mto_port          = 80
            },
        ]
      [32m+[0m [0m[1m[0mname[0m[0m                   = "dev_security_group"
      [32m+[0m [0m[1m[0mname_prefix[0m[0m            = (known after apply)
      [32m+[0m [0m[1m[0mowner_id[0m[0m               = (known after apply)
      [32m+[0m [0m[1m[0mrevoke_rules_on_delete[0m[0m = false
      [32m+[0m [0m[1m[0mtags[0m[0m                   = {
          [32m+[0m [0m"Product"   = "client"
          [32m+[0m [0m"Stage"     = "dev"
          [32m+[0m [0m"Terraform" = "true"
        }
      [32m+[0m [0m[1m[0mtags_all[0m[0m               = {
          [32m+[0m [0m"Product"   = "client"
          [32m+[0m [0m"Stage"     = "dev"
          [32m+[0m [0m"Terraform" = "true"
        }
      [32m+[0m [0m[1m[0mvpc_id[0m[0m                 = (known after apply)
    }

[1m  # module.api_proxy[1].aws_eip.myElasticIP[0m will be created[0m[0m
[0m  [32m+[0m[0m resource "aws_eip" "myElasticIP" {
      [32m+[0m [0m[1m[0mallocation_id[0m[0m        = (known after apply)
      [32m+[0m [0m[1m[0massociation_id[0m[0m       = (known after apply)
      [32m+[0m [0m[1m[0mcarrier_ip[0m[0m           = (known after apply)
      [32m+[0m [0m[1m[0mcustomer_owned_ip[0m[0m    = (known after apply)
      [32m+[0m [0m[1m[0mdomain[0m[0m               = (known after apply)
      [32m+[0m [0m[1m[0mid[0m[0m                   = (known after apply)
      [32m+[0m [0m[1m[0minstance[0m[0m             = (known after apply)
      [32m+[0m [0m[1m[0mnetwork_border_group[0m[0m = (known after apply)
      [32m+[0m [0m[1m[0mnetwork_interface[0m[0m    = (known after apply)
      [32m+[0m [0m[1m[0mprivate_dns[0m[0m          = (known after apply)
      [32m+[0m [0m[1m[0mprivate_ip[0m[0m           = (known after apply)
      [32m+[0m [0m[1m[0mpublic_dns[0m[0m           = (known after apply)
      [32m+[0m [0m[1m[0mpublic_ip[0m[0m            = (known after apply)
      [32m+[0m [0m[1m[0mpublic_ipv4_pool[0m[0m     = (known after apply)
      [32m+[0m [0m[1m[0mtags[0m[0m                 = {
          [32m+[0m [0m"Product"   = "client"
          [32m+[0m [0m"Stage"     = "prod"
          [32m+[0m [0m"Terraform" = "true"
        }
      [32m+[0m [0m[1m[0mtags_all[0m[0m             = {
          [32m+[0m [0m"Product"   = "client"
          [32m+[0m [0m"Stage"     = "prod"
          [32m+[0m [0m"Terraform" = "true"
        }
      [32m+[0m [0m[1m[0mvpc[0m[0m                  = true
    }

[1m  # module.api_proxy[1].aws_instance.api_instance[0m will be created[0m[0m
[0m  [32m+[0m[0m resource "aws_instance" "api_instance" {
      [32m+[0m [0m[1m[0mami[0m[0m                                  = "ami-08c40ec9ead489470"
      [32m+[0m [0m[1m[0marn[0m[0m                                  = (known after apply)
      [32m+[0m [0m[1m[0massociate_public_ip_address[0m[0m          = (known after apply)
      [32m+[0m [0m[1m[0mavailability_zone[0m[0m                    = (known after apply)
      [32m+[0m [0m[1m[0mcpu_core_count[0m[0m                       = (known after apply)
      [32m+[0m [0m[1m[0mcpu_threads_per_core[0m[0m                 = (known after apply)
      [32m+[0m [0m[1m[0mdisable_api_stop[0m[0m                     = (known after apply)
      [32m+[0m [0m[1m[0mdisable_api_termination[0m[0m              = (known after apply)
      [32m+[0m [0m[1m[0mebs_optimized[0m[0m                        = (known after apply)
      [32m+[0m [0m[1m[0mget_password_data[0m[0m                    = false
      [32m+[0m [0m[1m[0mhost_id[0m[0m                              = (known after apply)
      [32m+[0m [0m[1m[0mhost_resource_group_arn[0m[0m              = (known after apply)
      [32m+[0m [0m[1m[0mid[0m[0m                                   = (known after apply)
      [32m+[0m [0m[1m[0minstance_initiated_shutdown_behavior[0m[0m = (known after apply)
      [32m+[0m [0m[1m[0minstance_state[0m[0m                       = (known after apply)
      [32m+[0m [0m[1m[0minstance_type[0m[0m                        = "t2.micro"
      [32m+[0m [0m[1m[0mipv6_address_count[0m[0m                   = (known after apply)
      [32m+[0m [0m[1m[0mipv6_addresses[0m[0m                       = (known after apply)
      [32m+[0m [0m[1m[0mkey_name[0m[0m                             = "SMMP_prod_ShhKey"
      [32m+[0m [0m[1m[0mmonitoring[0m[0m                           = (known after apply)
      [32m+[0m [0m[1m[0moutpost_arn[0m[0m                          = (known after apply)
      [32m+[0m [0m[1m[0mpassword_data[0m[0m                        = (known after apply)
      [32m+[0m [0m[1m[0mplacement_group[0m[0m                      = (known after apply)
      [32m+[0m [0m[1m[0mplacement_partition_number[0m[0m           = (known after apply)
      [32m+[0m [0m[1m[0mprimary_network_interface_id[0m[0m         = (known after apply)
      [32m+[0m [0m[1m[0mprivate_dns[0m[0m                          = (known after apply)
      [32m+[0m [0m[1m[0mprivate_ip[0m[0m                           = (known after apply)
      [32m+[0m [0m[1m[0mpublic_dns[0m[0m                           = (known after apply)
      [32m+[0m [0m[1m[0mpublic_ip[0m[0m                            = (known after apply)
      [32m+[0m [0m[1m[0msecondary_private_ips[0m[0m                = (known after apply)
      [32m+[0m [0m[1m[0msecurity_groups[0m[0m                      = (known after apply)
      [32m+[0m [0m[1m[0msource_dest_check[0m[0m                    = true
      [32m+[0m [0m[1m[0msubnet_id[0m[0m                            = (known after apply)
      [32m+[0m [0m[1m[0mtags[0m[0m                                 = {
          [32m+[0m [0m"Product"   = "client"
          [32m+[0m [0m"Stage"     = "prod"
          [32m+[0m [0m"Terraform" = "true"
        }
      [32m+[0m [0m[1m[0mtags_all[0m[0m                             = {
          [32m+[0m [0m"Product"   = "client"
          [32m+[0m [0m"Stage"     = "prod"
          [32m+[0m [0m"Terraform" = "true"
        }
      [32m+[0m [0m[1m[0mtenancy[0m[0m                              = (known after apply)
      [32m+[0m [0m[1m[0muser_data[0m[0m                            = (known after apply)
      [32m+[0m [0m[1m[0muser_data_base64[0m[0m                     = (known after apply)
      [32m+[0m [0m[1m[0muser_data_replace_on_change[0m[0m          = false
      [32m+[0m [0m[1m[0mvpc_security_group_ids[0m[0m               = (known after apply)

      [32m+[0m [0mcapacity_reservation_specification {
          [32m+[0m [0m[1m[0mcapacity_reservation_preference[0m[0m = (known after apply)

          [32m+[0m [0mcapacity_reservation_target {
              [32m+[0m [0m[1m[0mcapacity_reservation_id[0m[0m                 = (known after apply)
              [32m+[0m [0m[1m[0mcapacity_reservation_resource_group_arn[0m[0m = (known after apply)
            }
        }

      [32m+[0m [0mebs_block_device {
          [32m+[0m [0m[1m[0mdelete_on_termination[0m[0m = (known after apply)
          [32m+[0m [0m[1m[0mdevice_name[0m[0m           = (known after apply)
          [32m+[0m [0m[1m[0mencrypted[0m[0m             = (known after apply)
          [32m+[0m [0m[1m[0miops[0m[0m                  = (known after apply)
          [32m+[0m [0m[1m[0mkms_key_id[0m[0m            = (known after apply)
          [32m+[0m [0m[1m[0msnapshot_id[0m[0m           = (known after apply)
          [32m+[0m [0m[1m[0mtags[0m[0m                  = (known after apply)
          [32m+[0m [0m[1m[0mthroughput[0m[0m            = (known after apply)
          [32m+[0m [0m[1m[0mvolume_id[0m[0m             = (known after apply)
          [32m+[0m [0m[1m[0mvolume_size[0m[0m           = (known after apply)
          [32m+[0m [0m[1m[0mvolume_type[0m[0m           = (known after apply)
        }

      [32m+[0m [0menclave_options {
          [32m+[0m [0m[1m[0menabled[0m[0m = (known after apply)
        }

      [32m+[0m [0mephemeral_block_device {
          [32m+[0m [0m[1m[0mdevice_name[0m[0m  = (known after apply)
          [32m+[0m [0m[1m[0mno_device[0m[0m    = (known after apply)
          [32m+[0m [0m[1m[0mvirtual_name[0m[0m = (known after apply)
        }

      [32m+[0m [0mmaintenance_options {
          [32m+[0m [0m[1m[0mauto_recovery[0m[0m = (known after apply)
        }

      [32m+[0m [0mmetadata_options {
          [32m+[0m [0m[1m[0mhttp_endpoint[0m[0m               = (known after apply)
          [32m+[0m [0m[1m[0mhttp_put_response_hop_limit[0m[0m = (known after apply)
          [32m+[0m [0m[1m[0mhttp_tokens[0m[0m                 = (known after apply)
          [32m+[0m [0m[1m[0minstance_metadata_tags[0m[0m      = (known after apply)
        }

      [32m+[0m [0mnetwork_interface {
          [32m+[0m [0m[1m[0mdelete_on_termination[0m[0m = (known after apply)
          [32m+[0m [0m[1m[0mdevice_index[0m[0m          = (known after apply)
          [32m+[0m [0m[1m[0mnetwork_card_index[0m[0m    = (known after apply)
          [32m+[0m [0m[1m[0mnetwork_interface_id[0m[0m  = (known after apply)
        }

      [32m+[0m [0mprivate_dns_name_options {
          [32m+[0m [0m[1m[0menable_resource_name_dns_a_record[0m[0m    = (known after apply)
          [32m+[0m [0m[1m[0menable_resource_name_dns_aaaa_record[0m[0m = (known after apply)
          [32m+[0m [0m[1m[0mhostname_type[0m[0m                        = (known after apply)
        }

      [32m+[0m [0mroot_block_device {
          [32m+[0m [0m[1m[0mdelete_on_termination[0m[0m = (known after apply)
          [32m+[0m [0m[1m[0mdevice_name[0m[0m           = (known after apply)
          [32m+[0m [0m[1m[0mencrypted[0m[0m             = (known after apply)
          [32m+[0m [0m[1m[0miops[0m[0m                  = (known after apply)
          [32m+[0m [0m[1m[0mkms_key_id[0m[0m            = (known after apply)
          [32m+[0m [0m[1m[0mtags[0m[0m                  = (known after apply)
          [32m+[0m [0m[1m[0mthroughput[0m[0m            = (known after apply)
          [32m+[0m [0m[1m[0mvolume_id[0m[0m             = (known after apply)
          [32m+[0m [0m[1m[0mvolume_size[0m[0m           = (known after apply)
          [32m+[0m [0m[1m[0mvolume_type[0m[0m           = (known after apply)
        }
    }

[1m  # module.api_proxy[1].aws_key_pair.terraform-keys[0m will be created[0m[0m
[0m  [32m+[0m[0m resource "aws_key_pair" "terraform-keys" {
      [32m+[0m [0m[1m[0marn[0m[0m             = (known after apply)
      [32m+[0m [0m[1m[0mfingerprint[0m[0m     = (known after apply)
      [32m+[0m [0m[1m[0mid[0m[0m              = (known after apply)
      [32m+[0m [0m[1m[0mkey_name[0m[0m        = "SMMP_prod_ShhKey"
      [32m+[0m [0m[1m[0mkey_name_prefix[0m[0m = (known after apply)
      [32m+[0m [0m[1m[0mkey_pair_id[0m[0m     = (known after apply)
      [32m+[0m [0m[1m[0mkey_type[0m[0m        = (known after apply)
      [32m+[0m [0m[1m[0mpublic_key[0m[0m      = "ssh-rsa AAAAB3NzaC1yc2EAAAADAQABAAABgQCuBVUkjCGz7p9spTICkjoStpNLy6Bxa8vQwuYL24Gu8m2md2o9C/8lpqikYHzsfZhNaxud6AJlOSuBqR1BggbIyeXEJgpuz+yQwOMq3SYvau2G4TdQYehFdBrcA6uSM+JCH7dOCg4ZTFvM7+7bsy8W1L4J9H0rJEgq9zVRX/y55TxI1GceatYSFS7UMESUjle/gTmb2AFdvA1h3L7vyissFdAwobyNMueolSge5irBSOzs14RXqpR2NCRTuwQwqH+7FSpcEvP3Mt9SDVKFV34i8VU4+WO6d7DIDBMI0oSXua2ae4DZ/ZsZNnpJzKCPJmMcay5UHKBiG2Fwpli1AmLwdKYMVCLRiXE4xXIwOv4PGzEEV3/pOx8/6S+OdRDA12vSVRWAiBF4/Tt/HEfE3KgMurzb54I3VIWGur8r8bSJg7/Xmy1IsEHiBdCDQBPgo+gdzgiM+HaYf3TsAQaV8V+YJAZGCH+6kXgbH4xU7FcNnpSDA0/Uoen09lPNHv/11Zc= rogrp@DESKTOP-PQK6VNN"
      [32m+[0m [0m[1m[0mtags_all[0m[0m        = (known after apply)
    }

[1m  # module.api_proxy[1].aws_security_group.api[0m will be created[0m[0m
[0m  [32m+[0m[0m resource "aws_security_group" "api" {
      [32m+[0m [0m[1m[0marn[0m[0m                    = (known after apply)
      [32m+[0m [0m[1m[0mdescription[0m[0m            = "security group for API"
      [32m+[0m [0m[1m[0megress[0m[0m                 = [
          [32m+[0m [0m{
              [32m+[0m [0mcidr_blocks      = [
                  [32m+[0m [0m"0.0.0.0/0",
                ]
              [32m+[0m [0mdescription      = ""
              [32m+[0m [0mfrom_port        = 0
              [32m+[0m [0mipv6_cidr_blocks = []
              [32m+[0m [0mprefix_list_ids  = []
              [32m+[0m [0mprotocol         = "tcp"
              [32m+[0m [0msecurity_groups  = []
              [32m+[0m [0mself             = false
              [32m+[0m [0mto_port          = 65535
            },
          [32m+[0m [0m{
              [32m+[0m [0mcidr_blocks      = [
                  [32m+[0m [0m"0.0.0.0/0",
                ]
              [32m+[0m [0mdescription      = ""
              [32m+[0m [0mfrom_port        = 443
              [32m+[0m [0mipv6_cidr_blocks = []
              [32m+[0m [0mprefix_list_ids  = []
              [32m+[0m [0mprotocol         = "tcp"
              [32m+[0m [0msecurity_groups  = []
              [32m+[0m [0mself             = false
              [32m+[0m [0mto_port          = 443
            },
          [32m+[0m [0m{
              [32m+[0m [0mcidr_blocks      = [
                  [32m+[0m [0m"0.0.0.0/0",
                ]
              [32m+[0m [0mdescription      = ""
              [32m+[0m [0mfrom_port        = 80
              [32m+[0m [0mipv6_cidr_blocks = []
              [32m+[0m [0mprefix_list_ids  = []
              [32m+[0m [0mprotocol         = "tcp"
              [32m+[0m [0msecurity_groups  = []
              [32m+[0m [0mself             = false
              [32m+[0m [0mto_port          = 80
            },
        ]
      [32m+[0m [0m[1m[0mid[0m[0m                     = (known after apply)
      [32m+[0m [0m[1m[0mingress[0m[0m                = [
          [32m+[0m [0m{
              [32m+[0m [0mcidr_blocks      = [
                  [32m+[0m [0m"0.0.0.0/0",
                ]
              [32m+[0m [0mdescription      = ""
              [32m+[0m [0mfrom_port        = 22
              [32m+[0m [0mipv6_cidr_blocks = []
              [32m+[0m [0mprefix_list_ids  = []
              [32m+[0m [0mprotocol         = "tcp"
              [32m+[0m [0msecurity_groups  = []
              [32m+[0m [0mself             = false
              [32m+[0m [0mto_port          = 22
            },
          [32m+[0m [0m{
              [32m+[0m [0mcidr_blocks      = [
                  [32m+[0m [0m"0.0.0.0/0",
                ]
              [32m+[0m [0mdescription      = ""
              [32m+[0m [0mfrom_port        = 443
              [32m+[0m [0mipv6_cidr_blocks = []
              [32m+[0m [0mprefix_list_ids  = []
              [32m+[0m [0mprotocol         = "tcp"
              [32m+[0m [0msecurity_groups  = []
              [32m+[0m [0mself             = false
              [32m+[0m [0mto_port          = 443
            },
          [32m+[0m [0m{
              [32m+[0m [0mcidr_blocks      = [
                  [32m+[0m [0m"0.0.0.0/0",
                ]
              [32m+[0m [0mdescription      = ""
              [32m+[0m [0mfrom_port        = 80
              [32m+[0m [0mipv6_cidr_blocks = []
              [32m+[0m [0mprefix_list_ids  = []
              [32m+[0m [0mprotocol         = "tcp"
              [32m+[0m [0msecurity_groups  = []
              [32m+[0m [0mself             = false
              [32m+[0m [0mto_port          = 80
            },
        ]
      [32m+[0m [0m[1m[0mname[0m[0m                   = "prod_security_group"
      [32m+[0m [0m[1m[0mname_prefix[0m[0m            = (known after apply)
      [32m+[0m [0m[1m[0mowner_id[0m[0m               = (known after apply)
      [32m+[0m [0m[1m[0mrevoke_rules_on_delete[0m[0m = false
      [32m+[0m [0m[1m[0mtags[0m[0m                   = {
          [32m+[0m [0m"Product"   = "client"
          [32m+[0m [0m"Stage"     = "prod"
          [32m+[0m [0m"Terraform" = "true"
        }
      [32m+[0m [0m[1m[0mtags_all[0m[0m               = {
          [32m+[0m [0m"Product"   = "client"
          [32m+[0m [0m"Stage"     = "prod"
          [32m+[0m [0m"Terraform" = "true"
        }
      [32m+[0m [0m[1m[0mvpc_id[0m[0m                 = (known after apply)
    }

[1m  # module.api_proxy_dev.aws_eip.myElasticIP[0m will be [1m[31mdestroyed[0m
  # (because aws_eip.myElasticIP is not in configuration)[0m
[0m  [31m-[0m[0m resource "aws_eip" "myElasticIP" {
      [31m-[0m [0m[1m[0mallocation_id[0m[0m        = "eipalloc-07fd9d649c90e0fe4" [90m->[0m [0m[90mnull[0m[0m
      [31m-[0m [0m[1m[0massociation_id[0m[0m       = "eipassoc-0a311ac1b0d19ff42" [90m->[0m [0m[90mnull[0m[0m
      [31m-[0m [0m[1m[0mdomain[0m[0m               = "vpc" [90m->[0m [0m[90mnull[0m[0m
      [31m-[0m [0m[1m[0mid[0m[0m                   = "eipalloc-07fd9d649c90e0fe4" [90m->[0m [0m[90mnull[0m[0m
      [31m-[0m [0m[1m[0minstance[0m[0m             = "i-0dd7063e57fc5aec2" [90m->[0m [0m[90mnull[0m[0m
      [31m-[0m [0m[1m[0mnetwork_border_group[0m[0m = "us-east-1" [90m->[0m [0m[90mnull[0m[0m
      [31m-[0m [0m[1m[0mnetwork_interface[0m[0m    = "eni-0806e7ccc9c96bcd2" [90m->[0m [0m[90mnull[0m[0m
      [31m-[0m [0m[1m[0mprivate_dns[0m[0m          = "ip-172-31-95-98.ec2.internal" [90m->[0m [0m[90mnull[0m[0m
      [31m-[0m [0m[1m[0mprivate_ip[0m[0m           = "172.31.95.98" [90m->[0m [0m[90mnull[0m[0m
      [31m-[0m [0m[1m[0mpublic_dns[0m[0m           = "ec2-34-238-181-64.compute-1.amazonaws.com" [90m->[0m [0m[90mnull[0m[0m
      [31m-[0m [0m[1m[0mpublic_ip[0m[0m            = "34.238.181.64" [90m->[0m [0m[90mnull[0m[0m
      [31m-[0m [0m[1m[0mpublic_ipv4_pool[0m[0m     = "amazon" [90m->[0m [0m[90mnull[0m[0m
      [31m-[0m [0m[1m[0mtags[0m[0m                 = {
          [31m-[0m [0m"Product"   = "client"
          [31m-[0m [0m"Stage"     = "dev"
          [31m-[0m [0m"Terraform" = "true"
        } [90m->[0m [0m[90mnull[0m[0m
      [31m-[0m [0m[1m[0mtags_all[0m[0m             = {
          [31m-[0m [0m"Product"   = "client"
          [31m-[0m [0m"Stage"     = "dev"
          [31m-[0m [0m"Terraform" = "true"
        } [90m->[0m [0m[90mnull[0m[0m
      [31m-[0m [0m[1m[0mvpc[0m[0m                  = true [90m->[0m [0m[90mnull[0m[0m
    }

[1m  # module.api_proxy_dev.aws_instance.api_instance[0m will be [1m[31mdestroyed[0m
  # (because aws_instance.api_instance is not in configuration)[0m
[0m  [31m-[0m[0m resource "aws_instance" "api_instance" {
      [31m-[0m [0m[1m[0mami[0m[0m                                  = "ami-08c40ec9ead489470" [90m->[0m [0m[90mnull[0m[0m
      [31m-[0m [0m[1m[0marn[0m[0m                                  = "arn:aws:ec2:us-east-1:032225495400:instance/i-0dd7063e57fc5aec2" [90m->[0m [0m[90mnull[0m[0m
      [31m-[0m [0m[1m[0massociate_public_ip_address[0m[0m          = true [90m->[0m [0m[90mnull[0m[0m
      [31m-[0m [0m[1m[0mavailability_zone[0m[0m                    = "us-east-1c" [90m->[0m [0m[90mnull[0m[0m
      [31m-[0m [0m[1m[0mcpu_core_count[0m[0m                       = 1 [90m->[0m [0m[90mnull[0m[0m
      [31m-[0m [0m[1m[0mcpu_threads_per_core[0m[0m                 = 1 [90m->[0m [0m[90mnull[0m[0m
      [31m-[0m [0m[1m[0mdisable_api_stop[0m[0m                     = false [90m->[0m [0m[90mnull[0m[0m
      [31m-[0m [0m[1m[0mdisable_api_termination[0m[0m              = false [90m->[0m [0m[90mnull[0m[0m
      [31m-[0m [0m[1m[0mebs_optimized[0m[0m                        = false [90m->[0m [0m[90mnull[0m[0m
      [31m-[0m [0m[1m[0mget_password_data[0m[0m                    = false [90m->[0m [0m[90mnull[0m[0m
      [31m-[0m [0m[1m[0mhibernation[0m[0m                          = false [90m->[0m [0m[90mnull[0m[0m
      [31m-[0m [0m[1m[0mid[0m[0m                                   = "i-0dd7063e57fc5aec2" [90m->[0m [0m[90mnull[0m[0m
      [31m-[0m [0m[1m[0minstance_initiated_shutdown_behavior[0m[0m = "stop" [90m->[0m [0m[90mnull[0m[0m
      [31m-[0m [0m[1m[0minstance_state[0m[0m                       = "running" [90m->[0m [0m[90mnull[0m[0m
      [31m-[0m [0m[1m[0minstance_type[0m[0m                        = "t2.micro" [90m->[0m [0m[90mnull[0m[0m
      [31m-[0m [0m[1m[0mipv6_address_count[0m[0m                   = 0 [90m->[0m [0m[90mnull[0m[0m
      [31m-[0m [0m[1m[0mipv6_addresses[0m[0m                       = [] [90m->[0m [0m[90mnull[0m[0m
      [31m-[0m [0m[1m[0mkey_name[0m[0m                             = "SMMP_DEV_ShhKey" [90m->[0m [0m[90mnull[0m[0m
      [31m-[0m [0m[1m[0mmonitoring[0m[0m                           = false [90m->[0m [0m[90mnull[0m[0m
      [31m-[0m [0m[1m[0mprimary_network_interface_id[0m[0m         = "eni-0806e7ccc9c96bcd2" [90m->[0m [0m[90mnull[0m[0m
      [31m-[0m [0m[1m[0mprivate_dns[0m[0m                          = "ip-172-31-95-98.ec2.internal" [90m->[0m [0m[90mnull[0m[0m
      [31m-[0m [0m[1m[0mprivate_ip[0m[0m                           = "172.31.95.98" [90m->[0m [0m[90mnull[0m[0m
      [31m-[0m [0m[1m[0mpublic_dns[0m[0m                           = "ec2-34-238-181-64.compute-1.amazonaws.com" [90m->[0m [0m[90mnull[0m[0m
      [31m-[0m [0m[1m[0mpublic_ip[0m[0m                            = "34.238.181.64" [90m->[0m [0m[90mnull[0m[0m
      [31m-[0m [0m[1m[0msecondary_private_ips[0m[0m                = [] [90m->[0m [0m[90mnull[0m[0m
      [31m-[0m [0m[1m[0msecurity_groups[0m[0m                      = [
          [31m-[0m [0m"dev_security_group",
        ] [90m->[0m [0m[90mnull[0m[0m
      [31m-[0m [0m[1m[0msource_dest_check[0m[0m                    = true [90m->[0m [0m[90mnull[0m[0m
      [31m-[0m [0m[1m[0msubnet_id[0m[0m                            = "subnet-0663b18e654ed0396" [90m->[0m [0m[90mnull[0m[0m
      [31m-[0m [0m[1m[0mtags[0m[0m                                 = {
          [31m-[0m [0m"Product"   = "client"
          [31m-[0m [0m"Stage"     = "dev"
          [31m-[0m [0m"Terraform" = "true"
        } [90m->[0m [0m[90mnull[0m[0m
      [31m-[0m [0m[1m[0mtags_all[0m[0m                             = {
          [31m-[0m [0m"Product"   = "client"
          [31m-[0m [0m"Stage"     = "dev"
          [31m-[0m [0m"Terraform" = "true"
        } [90m->[0m [0m[90mnull[0m[0m
      [31m-[0m [0m[1m[0mtenancy[0m[0m                              = "default" [90m->[0m [0m[90mnull[0m[0m
      [31m-[0m [0m[1m[0muser_data_replace_on_change[0m[0m          = false [90m->[0m [0m[90mnull[0m[0m
      [31m-[0m [0m[1m[0mvpc_security_group_ids[0m[0m               = [
          [31m-[0m [0m"sg-0af99246e190a34c1",
        ] [90m->[0m [0m[90mnull[0m[0m

      [31m-[0m [0mcapacity_reservation_specification {
          [31m-[0m [0m[1m[0mcapacity_reservation_preference[0m[0m = "open" [90m->[0m [0m[90mnull[0m[0m
        }

      [31m-[0m [0mcredit_specification {
          [31m-[0m [0m[1m[0mcpu_credits[0m[0m = "standard" [90m->[0m [0m[90mnull[0m[0m
        }

      [31m-[0m [0menclave_options {
          [31m-[0m [0m[1m[0menabled[0m[0m = false [90m->[0m [0m[90mnull[0m[0m
        }

      [31m-[0m [0mmaintenance_options {
          [31m-[0m [0m[1m[0mauto_recovery[0m[0m = "default" [90m->[0m [0m[90mnull[0m[0m
        }

      [31m-[0m [0mmetadata_options {
          [31m-[0m [0m[1m[0mhttp_endpoint[0m[0m               = "enabled" [90m->[0m [0m[90mnull[0m[0m
          [31m-[0m [0m[1m[0mhttp_put_response_hop_limit[0m[0m = 1 [90m->[0m [0m[90mnull[0m[0m
          [31m-[0m [0m[1m[0mhttp_tokens[0m[0m                 = "optional" [90m->[0m [0m[90mnull[0m[0m
          [31m-[0m [0m[1m[0minstance_metadata_tags[0m[0m      = "disabled" [90m->[0m [0m[90mnull[0m[0m
        }

      [31m-[0m [0mprivate_dns_name_options {
          [31m-[0m [0m[1m[0menable_resource_name_dns_a_record[0m[0m    = false [90m->[0m [0m[90mnull[0m[0m
          [31m-[0m [0m[1m[0menable_resource_name_dns_aaaa_record[0m[0m = false [90m->[0m [0m[90mnull[0m[0m
          [31m-[0m [0m[1m[0mhostname_type[0m[0m                        = "ip-name" [90m->[0m [0m[90mnull[0m[0m
        }

      [31m-[0m [0mroot_block_device {
          [31m-[0m [0m[1m[0mdelete_on_termination[0m[0m = true [90m->[0m [0m[90mnull[0m[0m
          [31m-[0m [0m[1m[0mdevice_name[0m[0m           = "/dev/sda1" [90m->[0m [0m[90mnull[0m[0m
          [31m-[0m [0m[1m[0mencrypted[0m[0m             = false [90m->[0m [0m[90mnull[0m[0m
          [31m-[0m [0m[1m[0miops[0m[0m                  = 100 [90m->[0m [0m[90mnull[0m[0m
          [31m-[0m [0m[1m[0mtags[0m[0m                  = {} [90m->[0m [0m[90mnull[0m[0m
          [31m-[0m [0m[1m[0mthroughput[0m[0m            = 0 [90m->[0m [0m[90mnull[0m[0m
          [31m-[0m [0m[1m[0mvolume_id[0m[0m             = "vol-0d38012d2e1e0ce53" [90m->[0m [0m[90mnull[0m[0m
          [31m-[0m [0m[1m[0mvolume_size[0m[0m           = 8 [90m->[0m [0m[90mnull[0m[0m
          [31m-[0m [0m[1m[0mvolume_type[0m[0m           = "gp2" [90m->[0m [0m[90mnull[0m[0m
        }
    }

[1m  # module.api_proxy_dev.aws_key_pair.terraform-keys[0m will be [1m[31mdestroyed[0m
  # (because aws_key_pair.terraform-keys is not in configuration)[0m
[0m  [31m-[0m[0m resource "aws_key_pair" "terraform-keys" {
      [31m-[0m [0m[1m[0marn[0m[0m         = "arn:aws:ec2:us-east-1:032225495400:key-pair/SMMP_DEV_ShhKey" [90m->[0m [0m[90mnull[0m[0m
      [31m-[0m [0m[1m[0mfingerprint[0m[0m = "f3:c5:ef:b6:c6:cb:53:5c:1b:18:cc:11:98:6f:54:f2" [90m->[0m [0m[90mnull[0m[0m
      [31m-[0m [0m[1m[0mid[0m[0m          = "SMMP_DEV_ShhKey" [90m->[0m [0m[90mnull[0m[0m
      [31m-[0m [0m[1m[0mkey_name[0m[0m    = "SMMP_DEV_ShhKey" [90m->[0m [0m[90mnull[0m[0m
      [31m-[0m [0m[1m[0mkey_pair_id[0m[0m = "key-04c0880cee7c55372" [90m->[0m [0m[90mnull[0m[0m
      [31m-[0m [0m[1m[0mkey_type[0m[0m    = "rsa" [90m->[0m [0m[90mnull[0m[0m
      [31m-[0m [0m[1m[0mpublic_key[0m[0m  = "ssh-rsa AAAAB3NzaC1yc2EAAAADAQABAAABgQCuBVUkjCGz7p9spTICkjoStpNLy6Bxa8vQwuYL24Gu8m2md2o9C/8lpqikYHzsfZhNaxud6AJlOSuBqR1BggbIyeXEJgpuz+yQwOMq3SYvau2G4TdQYehFdBrcA6uSM+JCH7dOCg4ZTFvM7+7bsy8W1L4J9H0rJEgq9zVRX/y55TxI1GceatYSFS7UMESUjle/gTmb2AFdvA1h3L7vyissFdAwobyNMueolSge5irBSOzs14RXqpR2NCRTuwQwqH+7FSpcEvP3Mt9SDVKFV34i8VU4+WO6d7DIDBMI0oSXua2ae4DZ/ZsZNnpJzKCPJmMcay5UHKBiG2Fwpli1AmLwdKYMVCLRiXE4xXIwOv4PGzEEV3/pOx8/6S+OdRDA12vSVRWAiBF4/Tt/HEfE3KgMurzb54I3VIWGur8r8bSJg7/Xmy1IsEHiBdCDQBPgo+gdzgiM+HaYf3TsAQaV8V+YJAZGCH+6kXgbH4xU7FcNnpSDA0/Uoen09lPNHv/11Zc= rogrp@DESKTOP-PQK6VNN" [90m->[0m [0m[90mnull[0m[0m
      [31m-[0m [0m[1m[0mtags[0m[0m        = {} [90m->[0m [0m[90mnull[0m[0m
      [31m-[0m [0m[1m[0mtags_all[0m[0m    = {} [90m->[0m [0m[90mnull[0m[0m
    }

[1m  # module.api_proxy_dev.aws_security_group.api[0m will be [1m[31mdestroyed[0m
  # (because aws_security_group.api is not in configuration)[0m
[0m  [31m-[0m[0m resource "aws_security_group" "api" {
      [31m-[0m [0m[1m[0marn[0m[0m                    = "arn:aws:ec2:us-east-1:032225495400:security-group/sg-0af99246e190a34c1" [90m->[0m [0m[90mnull[0m[0m
      [31m-[0m [0m[1m[0mdescription[0m[0m            = "security group for API" [90m->[0m [0m[90mnull[0m[0m
      [31m-[0m [0m[1m[0megress[0m[0m                 = [
          [31m-[0m [0m{
              [31m-[0m [0mcidr_blocks      = [
                  [31m-[0m [0m"0.0.0.0/0",
                ]
              [31m-[0m [0mdescription      = ""
              [31m-[0m [0mfrom_port        = 0
              [31m-[0m [0mipv6_cidr_blocks = []
              [31m-[0m [0mprefix_list_ids  = []
              [31m-[0m [0mprotocol         = "tcp"
              [31m-[0m [0msecurity_groups  = []
              [31m-[0m [0mself             = false
              [31m-[0m [0mto_port          = 65535
            },
          [31m-[0m [0m{
              [31m-[0m [0mcidr_blocks      = [
                  [31m-[0m [0m"0.0.0.0/0",
                ]
              [31m-[0m [0mdescription      = ""
              [31m-[0m [0mfrom_port        = 443
              [31m-[0m [0mipv6_cidr_blocks = []
              [31m-[0m [0mprefix_list_ids  = []
              [31m-[0m [0mprotocol         = "tcp"
              [31m-[0m [0msecurity_groups  = []
              [31m-[0m [0mself             = false
              [31m-[0m [0mto_port          = 443
            },
          [31m-[0m [0m{
              [31m-[0m [0mcidr_blocks      = [
                  [31m-[0m [0m"0.0.0.0/0",
                ]
              [31m-[0m [0mdescription      = ""
              [31m-[0m [0mfrom_port        = 80
              [31m-[0m [0mipv6_cidr_blocks = []
              [31m-[0m [0mprefix_list_ids  = []
              [31m-[0m [0mprotocol         = "tcp"
              [31m-[0m [0msecurity_groups  = []
              [31m-[0m [0mself             = false
              [31m-[0m [0mto_port          = 80
            },
        ] [90m->[0m [0m[90mnull[0m[0m
      [31m-[0m [0m[1m[0mid[0m[0m                     = "sg-0af99246e190a34c1" [90m->[0m [0m[90mnull[0m[0m
      [31m-[0m [0m[1m[0mingress[0m[0m                = [
          [31m-[0m [0m{
              [31m-[0m [0mcidr_blocks      = [
                  [31m-[0m [0m"0.0.0.0/0",
                ]
              [31m-[0m [0mdescription      = ""
              [31m-[0m [0mfrom_port        = 22
              [31m-[0m [0mipv6_cidr_blocks = []
              [31m-[0m [0mprefix_list_ids  = []
              [31m-[0m [0mprotocol         = "tcp"
              [31m-[0m [0msecurity_groups  = []
              [31m-[0m [0mself             = false
              [31m-[0m [0mto_port          = 22
            },
          [31m-[0m [0m{
              [31m-[0m [0mcidr_blocks      = [
                  [31m-[0m [0m"0.0.0.0/0",
                ]
              [31m-[0m [0mdescription      = ""
              [31m-[0m [0mfrom_port        = 443
              [31m-[0m [0mipv6_cidr_blocks = []
              [31m-[0m [0mprefix_list_ids  = []
              [31m-[0m [0mprotocol         = "tcp"
              [31m-[0m [0msecurity_groups  = []
              [31m-[0m [0mself             = false
              [31m-[0m [0mto_port          = 443
            },
          [31m-[0m [0m{
              [31m-[0m [0mcidr_blocks      = [
                  [31m-[0m [0m"0.0.0.0/0",
                ]
              [31m-[0m [0mdescription      = ""
              [31m-[0m [0mfrom_port        = 80
              [31m-[0m [0mipv6_cidr_blocks = []
              [31m-[0m [0mprefix_list_ids  = []
              [31m-[0m [0mprotocol         = "tcp"
              [31m-[0m [0msecurity_groups  = []
              [31m-[0m [0mself             = false
              [31m-[0m [0mto_port          = 80
            },
        ] [90m->[0m [0m[90mnull[0m[0m
      [31m-[0m [0m[1m[0mname[0m[0m                   = "dev_security_group" [90m->[0m [0m[90mnull[0m[0m
      [31m-[0m [0m[1m[0mowner_id[0m[0m               = "032225495400" [90m->[0m [0m[90mnull[0m[0m
      [31m-[0m [0m[1m[0mrevoke_rules_on_delete[0m[0m = false [90m->[0m [0m[90mnull[0m[0m
      [31m-[0m [0m[1m[0mtags[0m[0m                   = {
          [31m-[0m [0m"Product"   = "client"
          [31m-[0m [0m"Stage"     = "dev"
          [31m-[0m [0m"Terraform" = "true"
        } [90m->[0m [0m[90mnull[0m[0m
      [31m-[0m [0m[1m[0mtags_all[0m[0m               = {
          [31m-[0m [0m"Product"   = "client"
          [31m-[0m [0m"Stage"     = "dev"
          [31m-[0m [0m"Terraform" = "true"
        } [90m->[0m [0m[90mnull[0m[0m
      [31m-[0m [0m[1m[0mvpc_id[0m[0m                 = "vpc-020d60a92cdf73dbd" [90m->[0m [0m[90mnull[0m[0m
    }

[1m  # module.api_proxy_prod.aws_eip.myElasticIP[0m will be [1m[31mdestroyed[0m
  # (because aws_eip.myElasticIP is not in configuration)[0m
[0m  [31m-[0m[0m resource "aws_eip" "myElasticIP" {
      [31m-[0m [0m[1m[0mallocation_id[0m[0m        = "eipalloc-0f66d489b142d7a2a" [90m->[0m [0m[90mnull[0m[0m
      [31m-[0m [0m[1m[0massociation_id[0m[0m       = "eipassoc-0fbbe6aa6580ff5a8" [90m->[0m [0m[90mnull[0m[0m
      [31m-[0m [0m[1m[0mdomain[0m[0m               = "vpc" [90m->[0m [0m[90mnull[0m[0m
      [31m-[0m [0m[1m[0mid[0m[0m                   = "eipalloc-0f66d489b142d7a2a" [90m->[0m [0m[90mnull[0m[0m
      [31m-[0m [0m[1m[0minstance[0m[0m             = "i-0e7d357b4190bd851" [90m->[0m [0m[90mnull[0m[0m
      [31m-[0m [0m[1m[0mnetwork_border_group[0m[0m = "us-east-1" [90m->[0m [0m[90mnull[0m[0m
      [31m-[0m [0m[1m[0mnetwork_interface[0m[0m    = "eni-0156fdad21a59cfa3" [90m->[0m [0m[90mnull[0m[0m
      [31m-[0m [0m[1m[0mprivate_dns[0m[0m          = "ip-172-31-94-222.ec2.internal" [90m->[0m [0m[90mnull[0m[0m
      [31m-[0m [0m[1m[0mprivate_ip[0m[0m           = "172.31.94.222" [90m->[0m [0m[90mnull[0m[0m
      [31m-[0m [0m[1m[0mpublic_dns[0m[0m           = "ec2-3-226-6-32.compute-1.amazonaws.com" [90m->[0m [0m[90mnull[0m[0m
      [31m-[0m [0m[1m[0mpublic_ip[0m[0m            = "3.226.6.32" [90m->[0m [0m[90mnull[0m[0m
      [31m-[0m [0m[1m[0mpublic_ipv4_pool[0m[0m     = "amazon" [90m->[0m [0m[90mnull[0m[0m
      [31m-[0m [0m[1m[0mtags[0m[0m                 = {
          [31m-[0m [0m"Product"   = "client"
          [31m-[0m [0m"Stage"     = "prod"
          [31m-[0m [0m"Terraform" = "true"
        } [90m->[0m [0m[90mnull[0m[0m
      [31m-[0m [0m[1m[0mtags_all[0m[0m             = {
          [31m-[0m [0m"Product"   = "client"
          [31m-[0m [0m"Stage"     = "prod"
          [31m-[0m [0m"Terraform" = "true"
        } [90m->[0m [0m[90mnull[0m[0m
      [31m-[0m [0m[1m[0mvpc[0m[0m                  = true [90m->[0m [0m[90mnull[0m[0m
    }

[1m  # module.api_proxy_prod.aws_instance.api_instance[0m will be [1m[31mdestroyed[0m
  # (because aws_instance.api_instance is not in configuration)[0m
[0m  [31m-[0m[0m resource "aws_instance" "api_instance" {
      [31m-[0m [0m[1m[0mami[0m[0m                                  = "ami-08c40ec9ead489470" [90m->[0m [0m[90mnull[0m[0m
      [31m-[0m [0m[1m[0marn[0m[0m                                  = "arn:aws:ec2:us-east-1:032225495400:instance/i-0e7d357b4190bd851" [90m->[0m [0m[90mnull[0m[0m
      [31m-[0m [0m[1m[0massociate_public_ip_address[0m[0m          = true [90m->[0m [0m[90mnull[0m[0m
      [31m-[0m [0m[1m[0mavailability_zone[0m[0m                    = "us-east-1c" [90m->[0m [0m[90mnull[0m[0m
      [31m-[0m [0m[1m[0mcpu_core_count[0m[0m                       = 1 [90m->[0m [0m[90mnull[0m[0m
      [31m-[0m [0m[1m[0mcpu_threads_per_core[0m[0m                 = 1 [90m->[0m [0m[90mnull[0m[0m
      [31m-[0m [0m[1m[0mdisable_api_stop[0m[0m                     = false [90m->[0m [0m[90mnull[0m[0m
      [31m-[0m [0m[1m[0mdisable_api_termination[0m[0m              = false [90m->[0m [0m[90mnull[0m[0m
      [31m-[0m [0m[1m[0mebs_optimized[0m[0m                        = false [90m->[0m [0m[90mnull[0m[0m
      [31m-[0m [0m[1m[0mget_password_data[0m[0m                    = false [90m->[0m [0m[90mnull[0m[0m
      [31m-[0m [0m[1m[0mhibernation[0m[0m                          = false [90m->[0m [0m[90mnull[0m[0m
      [31m-[0m [0m[1m[0mid[0m[0m                                   = "i-0e7d357b4190bd851" [90m->[0m [0m[90mnull[0m[0m
      [31m-[0m [0m[1m[0minstance_initiated_shutdown_behavior[0m[0m = "stop" [90m->[0m [0m[90mnull[0m[0m
      [31m-[0m [0m[1m[0minstance_state[0m[0m                       = "running" [90m->[0m [0m[90mnull[0m[0m
      [31m-[0m [0m[1m[0minstance_type[0m[0m                        = "t2.micro" [90m->[0m [0m[90mnull[0m[0m
      [31m-[0m [0m[1m[0mipv6_address_count[0m[0m                   = 0 [90m->[0m [0m[90mnull[0m[0m
      [31m-[0m [0m[1m[0mipv6_addresses[0m[0m                       = [] [90m->[0m [0m[90mnull[0m[0m
      [31m-[0m [0m[1m[0mkey_name[0m[0m                             = "SMMP_PROD_ShhKey" [90m->[0m [0m[90mnull[0m[0m
      [31m-[0m [0m[1m[0mmonitoring[0m[0m                           = false [90m->[0m [0m[90mnull[0m[0m
      [31m-[0m [0m[1m[0mprimary_network_interface_id[0m[0m         = "eni-0156fdad21a59cfa3" [90m->[0m [0m[90mnull[0m[0m
      [31m-[0m [0m[1m[0mprivate_dns[0m[0m                          = "ip-172-31-94-222.ec2.internal" [90m->[0m [0m[90mnull[0m[0m
      [31m-[0m [0m[1m[0mprivate_ip[0m[0m                           = "172.31.94.222" [90m->[0m [0m[90mnull[0m[0m
      [31m-[0m [0m[1m[0mpublic_dns[0m[0m                           = "ec2-3-226-6-32.compute-1.amazonaws.com" [90m->[0m [0m[90mnull[0m[0m
      [31m-[0m [0m[1m[0mpublic_ip[0m[0m                            = "3.226.6.32" [90m->[0m [0m[90mnull[0m[0m
      [31m-[0m [0m[1m[0msecondary_private_ips[0m[0m                = [] [90m->[0m [0m[90mnull[0m[0m
      [31m-[0m [0m[1m[0msecurity_groups[0m[0m                      = [
          [31m-[0m [0m"prod_security_group",
        ] [90m->[0m [0m[90mnull[0m[0m
      [31m-[0m [0m[1m[0msource_dest_check[0m[0m                    = true [90m->[0m [0m[90mnull[0m[0m
      [31m-[0m [0m[1m[0msubnet_id[0m[0m                            = "subnet-0663b18e654ed0396" [90m->[0m [0m[90mnull[0m[0m
      [31m-[0m [0m[1m[0mtags[0m[0m                                 = {
          [31m-[0m [0m"Product"   = "client"
          [31m-[0m [0m"Stage"     = "prod"
          [31m-[0m [0m"Terraform" = "true"
        } [90m->[0m [0m[90mnull[0m[0m
      [31m-[0m [0m[1m[0mtags_all[0m[0m                             = {
          [31m-[0m [0m"Product"   = "client"
          [31m-[0m [0m"Stage"     = "prod"
          [31m-[0m [0m"Terraform" = "true"
        } [90m->[0m [0m[90mnull[0m[0m
      [31m-[0m [0m[1m[0mtenancy[0m[0m                              = "default" [90m->[0m [0m[90mnull[0m[0m
      [31m-[0m [0m[1m[0muser_data_replace_on_change[0m[0m          = false [90m->[0m [0m[90mnull[0m[0m
      [31m-[0m [0m[1m[0mvpc_security_group_ids[0m[0m               = [
          [31m-[0m [0m"sg-0b5c00d525c40a925",
        ] [90m->[0m [0m[90mnull[0m[0m

      [31m-[0m [0mcapacity_reservation_specification {
          [31m-[0m [0m[1m[0mcapacity_reservation_preference[0m[0m = "open" [90m->[0m [0m[90mnull[0m[0m
        }

      [31m-[0m [0mcredit_specification {
          [31m-[0m [0m[1m[0mcpu_credits[0m[0m = "standard" [90m->[0m [0m[90mnull[0m[0m
        }

      [31m-[0m [0menclave_options {
          [31m-[0m [0m[1m[0menabled[0m[0m = false [90m->[0m [0m[90mnull[0m[0m
        }

      [31m-[0m [0mmaintenance_options {
          [31m-[0m [0m[1m[0mauto_recovery[0m[0m = "default" [90m->[0m [0m[90mnull[0m[0m
        }

      [31m-[0m [0mmetadata_options {
          [31m-[0m [0m[1m[0mhttp_endpoint[0m[0m               = "enabled" [90m->[0m [0m[90mnull[0m[0m
          [31m-[0m [0m[1m[0mhttp_put_response_hop_limit[0m[0m = 1 [90m->[0m [0m[90mnull[0m[0m
          [31m-[0m [0m[1m[0mhttp_tokens[0m[0m                 = "optional" [90m->[0m [0m[90mnull[0m[0m
          [31m-[0m [0m[1m[0minstance_metadata_tags[0m[0m      = "disabled" [90m->[0m [0m[90mnull[0m[0m
        }

      [31m-[0m [0mprivate_dns_name_options {
          [31m-[0m [0m[1m[0menable_resource_name_dns_a_record[0m[0m    = false [90m->[0m [0m[90mnull[0m[0m
          [31m-[0m [0m[1m[0menable_resource_name_dns_aaaa_record[0m[0m = false [90m->[0m [0m[90mnull[0m[0m
          [31m-[0m [0m[1m[0mhostname_type[0m[0m                        = "ip-name" [90m->[0m [0m[90mnull[0m[0m
        }

      [31m-[0m [0mroot_block_device {
          [31m-[0m [0m[1m[0mdelete_on_termination[0m[0m = true [90m->[0m [0m[90mnull[0m[0m
          [31m-[0m [0m[1m[0mdevice_name[0m[0m           = "/dev/sda1" [90m->[0m [0m[90mnull[0m[0m
          [31m-[0m [0m[1m[0mencrypted[0m[0m             = false [90m->[0m [0m[90mnull[0m[0m
          [31m-[0m [0m[1m[0miops[0m[0m                  = 100 [90m->[0m [0m[90mnull[0m[0m
          [31m-[0m [0m[1m[0mtags[0m[0m                  = {} [90m->[0m [0m[90mnull[0m[0m
          [31m-[0m [0m[1m[0mthroughput[0m[0m            = 0 [90m->[0m [0m[90mnull[0m[0m
          [31m-[0m [0m[1m[0mvolume_id[0m[0m             = "vol-04ff1340be540e922" [90m->[0m [0m[90mnull[0m[0m
          [31m-[0m [0m[1m[0mvolume_size[0m[0m           = 8 [90m->[0m [0m[90mnull[0m[0m
          [31m-[0m [0m[1m[0mvolume_type[0m[0m           = "gp2" [90m->[0m [0m[90mnull[0m[0m
        }
    }

[1m  # module.api_proxy_prod.aws_key_pair.terraform-keys[0m will be [1m[31mdestroyed[0m
  # (because aws_key_pair.terraform-keys is not in configuration)[0m
[0m  [31m-[0m[0m resource "aws_key_pair" "terraform-keys" {
      [31m-[0m [0m[1m[0marn[0m[0m         = "arn:aws:ec2:us-east-1:032225495400:key-pair/SMMP_PROD_ShhKey" [90m->[0m [0m[90mnull[0m[0m
      [31m-[0m [0m[1m[0mfingerprint[0m[0m = "f3:c5:ef:b6:c6:cb:53:5c:1b:18:cc:11:98:6f:54:f2" [90m->[0m [0m[90mnull[0m[0m
      [31m-[0m [0m[1m[0mid[0m[0m          = "SMMP_PROD_ShhKey" [90m->[0m [0m[90mnull[0m[0m
      [31m-[0m [0m[1m[0mkey_name[0m[0m    = "SMMP_PROD_ShhKey" [90m->[0m [0m[90mnull[0m[0m
      [31m-[0m [0m[1m[0mkey_pair_id[0m[0m = "key-016780078d25abe9e" [90m->[0m [0m[90mnull[0m[0m
      [31m-[0m [0m[1m[0mkey_type[0m[0m    = "rsa" [90m->[0m [0m[90mnull[0m[0m
      [31m-[0m [0m[1m[0mpublic_key[0m[0m  = "ssh-rsa AAAAB3NzaC1yc2EAAAADAQABAAABgQCuBVUkjCGz7p9spTICkjoStpNLy6Bxa8vQwuYL24Gu8m2md2o9C/8lpqikYHzsfZhNaxud6AJlOSuBqR1BggbIyeXEJgpuz+yQwOMq3SYvau2G4TdQYehFdBrcA6uSM+JCH7dOCg4ZTFvM7+7bsy8W1L4J9H0rJEgq9zVRX/y55TxI1GceatYSFS7UMESUjle/gTmb2AFdvA1h3L7vyissFdAwobyNMueolSge5irBSOzs14RXqpR2NCRTuwQwqH+7FSpcEvP3Mt9SDVKFV34i8VU4+WO6d7DIDBMI0oSXua2ae4DZ/ZsZNnpJzKCPJmMcay5UHKBiG2Fwpli1AmLwdKYMVCLRiXE4xXIwOv4PGzEEV3/pOx8/6S+OdRDA12vSVRWAiBF4/Tt/HEfE3KgMurzb54I3VIWGur8r8bSJg7/Xmy1IsEHiBdCDQBPgo+gdzgiM+HaYf3TsAQaV8V+YJAZGCH+6kXgbH4xU7FcNnpSDA0/Uoen09lPNHv/11Zc= rogrp@DESKTOP-PQK6VNN" [90m->[0m [0m[90mnull[0m[0m
      [31m-[0m [0m[1m[0mtags[0m[0m        = {} [90m->[0m [0m[90mnull[0m[0m
      [31m-[0m [0m[1m[0mtags_all[0m[0m    = {} [90m->[0m [0m[90mnull[0m[0m
    }

[1m  # module.api_proxy_prod.aws_security_group.api[0m will be [1m[31mdestroyed[0m
  # (because aws_security_group.api is not in configuration)[0m
[0m  [31m-[0m[0m resource "aws_security_group" "api" {
      [31m-[0m [0m[1m[0marn[0m[0m                    = "arn:aws:ec2:us-east-1:032225495400:security-group/sg-0b5c00d525c40a925" [90m->[0m [0m[90mnull[0m[0m
      [31m-[0m [0m[1m[0mdescription[0m[0m            = "security group for API" [90m->[0m [0m[90mnull[0m[0m
      [31m-[0m [0m[1m[0megress[0m[0m                 = [
          [31m-[0m [0m{
              [31m-[0m [0mcidr_blocks      = [
                  [31m-[0m [0m"0.0.0.0/0",
                ]
              [31m-[0m [0mdescription      = ""
              [31m-[0m [0mfrom_port        = 0
              [31m-[0m [0mipv6_cidr_blocks = []
              [31m-[0m [0mprefix_list_ids  = []
              [31m-[0m [0mprotocol         = "tcp"
              [31m-[0m [0msecurity_groups  = []
              [31m-[0m [0mself             = false
              [31m-[0m [0mto_port          = 65535
            },
          [31m-[0m [0m{
              [31m-[0m [0mcidr_blocks      = [
                  [31m-[0m [0m"0.0.0.0/0",
                ]
              [31m-[0m [0mdescription      = ""
              [31m-[0m [0mfrom_port        = 443
              [31m-[0m [0mipv6_cidr_blocks = []
              [31m-[0m [0mprefix_list_ids  = []
              [31m-[0m [0mprotocol         = "tcp"
              [31m-[0m [0msecurity_groups  = []
              [31m-[0m [0mself             = false
              [31m-[0m [0mto_port          = 443
            },
          [31m-[0m [0m{
              [31m-[0m [0mcidr_blocks      = [
                  [31m-[0m [0m"0.0.0.0/0",
                ]
              [31m-[0m [0mdescription      = ""
              [31m-[0m [0mfrom_port        = 80
              [31m-[0m [0mipv6_cidr_blocks = []
              [31m-[0m [0mprefix_list_ids  = []
              [31m-[0m [0mprotocol         = "tcp"
              [31m-[0m [0msecurity_groups  = []
              [31m-[0m [0mself             = false
              [31m-[0m [0mto_port          = 80
            },
        ] [90m->[0m [0m[90mnull[0m[0m
      [31m-[0m [0m[1m[0mid[0m[0m                     = "sg-0b5c00d525c40a925" [90m->[0m [0m[90mnull[0m[0m
      [31m-[0m [0m[1m[0mingress[0m[0m                = [
          [31m-[0m [0m{
              [31m-[0m [0mcidr_blocks      = [
                  [31m-[0m [0m"0.0.0.0/0",
                ]
              [31m-[0m [0mdescription      = ""
              [31m-[0m [0mfrom_port        = 22
              [31m-[0m [0mipv6_cidr_blocks = []
              [31m-[0m [0mprefix_list_ids  = []
              [31m-[0m [0mprotocol         = "tcp"
              [31m-[0m [0msecurity_groups  = []
              [31m-[0m [0mself             = false
              [31m-[0m [0mto_port          = 22
            },
          [31m-[0m [0m{
              [31m-[0m [0mcidr_blocks      = [
                  [31m-[0m [0m"0.0.0.0/0",
                ]
              [31m-[0m [0mdescription      = ""
              [31m-[0m [0mfrom_port        = 443
              [31m-[0m [0mipv6_cidr_blocks = []
              [31m-[0m [0mprefix_list_ids  = []
              [31m-[0m [0mprotocol         = "tcp"
              [31m-[0m [0msecurity_groups  = []
              [31m-[0m [0mself             = false
              [31m-[0m [0mto_port          = 443
            },
          [31m-[0m [0m{
              [31m-[0m [0mcidr_blocks      = [
                  [31m-[0m [0m"0.0.0.0/0",
                ]
              [31m-[0m [0mdescription      = ""
              [31m-[0m [0mfrom_port        = 80
              [31m-[0m [0mipv6_cidr_blocks = []
              [31m-[0m [0mprefix_list_ids  = []
              [31m-[0m [0mprotocol         = "tcp"
              [31m-[0m [0msecurity_groups  = []
              [31m-[0m [0mself             = false
              [31m-[0m [0mto_port          = 80
            },
        ] [90m->[0m [0m[90mnull[0m[0m
      [31m-[0m [0m[1m[0mname[0m[0m                   = "prod_security_group" [90m->[0m [0m[90mnull[0m[0m
      [31m-[0m [0m[1m[0mowner_id[0m[0m               = "032225495400" [90m->[0m [0m[90mnull[0m[0m
      [31m-[0m [0m[1m[0mrevoke_rules_on_delete[0m[0m = false [90m->[0m [0m[90mnull[0m[0m
      [31m-[0m [0m[1m[0mtags[0m[0m                   = {
          [31m-[0m [0m"Product"   = "client"
          [31m-[0m [0m"Stage"     = "prod"
          [31m-[0m [0m"Terraform" = "true"
        } [90m->[0m [0m[90mnull[0m[0m
      [31m-[0m [0m[1m[0mtags_all[0m[0m               = {
          [31m-[0m [0m"Product"   = "client"
          [31m-[0m [0m"Stage"     = "prod"
          [31m-[0m [0m"Terraform" = "true"
        } [90m->[0m [0m[90mnull[0m[0m
      [31m-[0m [0m[1m[0mvpc_id[0m[0m                 = "vpc-020d60a92cdf73dbd" [90m->[0m [0m[90mnull[0m[0m
    }

[1m  # module.cfront_web_client[0].aws_cloudfront_distribution.www_distribution[0m will be created[0m[0m
[0m  [32m+[0m[0m resource "aws_cloudfront_distribution" "www_distribution" {
      [32m+[0m [0m[1m[0marn[0m[0m                            = (known after apply)
      [32m+[0m [0m[1m[0mcaller_reference[0m[0m               = (known after apply)
      [32m+[0m [0m[1m[0mdefault_root_object[0m[0m            = "index.html"
      [32m+[0m [0m[1m[0mdomain_name[0m[0m                    = (known after apply)
      [32m+[0m [0m[1m[0menabled[0m[0m                        = true
      [32m+[0m [0m[1m[0metag[0m[0m                           = (known after apply)
      [32m+[0m [0m[1m[0mhosted_zone_id[0m[0m                 = (known after apply)
      [32m+[0m [0m[1m[0mhttp_version[0m[0m                   = "http2"
      [32m+[0m [0m[1m[0mid[0m[0m                             = (known after apply)
      [32m+[0m [0m[1m[0min_progress_validation_batches[0m[0m = (known after apply)
      [32m+[0m [0m[1m[0mis_ipv6_enabled[0m[0m                = false
      [32m+[0m [0m[1m[0mlast_modified_time[0m[0m             = (known after apply)
      [32m+[0m [0m[1m[0mprice_class[0m[0m                    = "PriceClass_All"
      [32m+[0m [0m[1m[0mretain_on_delete[0m[0m               = false
      [32m+[0m [0m[1m[0mstatus[0m[0m                         = (known after apply)
      [32m+[0m [0m[1m[0mtags[0m[0m                           = {
          [32m+[0m [0m"Product"   = "client"
          [32m+[0m [0m"Stage"     = "dev"
          [32m+[0m [0m"Terraform" = "true"
        }
      [32m+[0m [0m[1m[0mtags_all[0m[0m                       = {
          [32m+[0m [0m"Product"   = "client"
          [32m+[0m [0m"Stage"     = "dev"
          [32m+[0m [0m"Terraform" = "true"
        }
      [32m+[0m [0m[1m[0mtrusted_key_groups[0m[0m             = (known after apply)
      [32m+[0m [0m[1m[0mtrusted_signers[0m[0m                = (known after apply)
      [32m+[0m [0m[1m[0mwait_for_deployment[0m[0m            = true

      [32m+[0m [0mcustom_error_response {
          [32m+[0m [0m[1m[0merror_code[0m[0m         = 400
          [32m+[0m [0m[1m[0mresponse_code[0m[0m      = 200
          [32m+[0m [0m[1m[0mresponse_page_path[0m[0m = "/index.html"
        }
      [32m+[0m [0mcustom_error_response {
          [32m+[0m [0m[1m[0merror_code[0m[0m         = 403
          [32m+[0m [0m[1m[0mresponse_code[0m[0m      = 200
          [32m+[0m [0m[1m[0mresponse_page_path[0m[0m = "/index.html"
        }

      [32m+[0m [0mdefault_cache_behavior {
          [32m+[0m [0m[1m[0mallowed_methods[0m[0m        = [
              [32m+[0m [0m"GET",
              [32m+[0m [0m"HEAD",
            ]
          [32m+[0m [0m[1m[0mcached_methods[0m[0m         = [
              [32m+[0m [0m"GET",
              [32m+[0m [0m"HEAD",
            ]
          [32m+[0m [0m[1m[0mcompress[0m[0m               = true
          [32m+[0m [0m[1m[0mdefault_ttl[0m[0m            = 86400
          [32m+[0m [0m[1m[0mmax_ttl[0m[0m                = 31536000
          [32m+[0m [0m[1m[0mmin_ttl[0m[0m                = 0
          [32m+[0m [0m[1m[0mtarget_origin_id[0m[0m       = "SMMP_smmp-web-client-dev_ID"
          [32m+[0m [0m[1m[0mtrusted_key_groups[0m[0m     = (known after apply)
          [32m+[0m [0m[1m[0mtrusted_signers[0m[0m        = (known after apply)
          [32m+[0m [0m[1m[0mviewer_protocol_policy[0m[0m = "redirect-to-https"

          [32m+[0m [0mforwarded_values {
              [32m+[0m [0m[1m[0mheaders[0m[0m                 = (known after apply)
              [32m+[0m [0m[1m[0mquery_string[0m[0m            = false
              [32m+[0m [0m[1m[0mquery_string_cache_keys[0m[0m = (known after apply)

              [32m+[0m [0mcookies {
                  [32m+[0m [0m[1m[0mforward[0m[0m           = "none"
                  [32m+[0m [0m[1m[0mwhitelisted_names[0m[0m = (known after apply)
                }
            }
        }

      [32m+[0m [0morigin {
          [32m+[0m [0m[1m[0mconnection_attempts[0m[0m = 3
          [32m+[0m [0m[1m[0mconnection_timeout[0m[0m  = 10
          [32m+[0m [0m[1m[0mdomain_name[0m[0m         = (known after apply)
          [32m+[0m [0m[1m[0morigin_id[0m[0m           = "SMMP_smmp-web-client-dev_ID"

          [32m+[0m [0mcustom_origin_config {
              [32m+[0m [0m[1m[0mhttp_port[0m[0m                = 80
              [32m+[0m [0m[1m[0mhttps_port[0m[0m               = 443
              [32m+[0m [0m[1m[0morigin_keepalive_timeout[0m[0m = 5
              [32m+[0m [0m[1m[0morigin_protocol_policy[0m[0m   = "http-only"
              [32m+[0m [0m[1m[0morigin_read_timeout[0m[0m      = 30
              [32m+[0m [0m[1m[0morigin_ssl_protocols[0m[0m     = [
                  [32m+[0m [0m"TLSv1",
                  [32m+[0m [0m"TLSv1.1",
                  [32m+[0m [0m"TLSv1.2",
                ]
            }
        }

      [32m+[0m [0mrestrictions {
          [32m+[0m [0mgeo_restriction {
              [32m+[0m [0m[1m[0mlocations[0m[0m        = (known after apply)
              [32m+[0m [0m[1m[0mrestriction_type[0m[0m = "none"
            }
        }

      [32m+[0m [0mviewer_certificate {
          [32m+[0m [0m[1m[0mcloudfront_default_certificate[0m[0m = true
          [32m+[0m [0m[1m[0mminimum_protocol_version[0m[0m       = "TLSv1"
        }
    }

[1m  # module.cfront_web_client[1].aws_cloudfront_distribution.www_distribution[0m will be created[0m[0m
[0m  [32m+[0m[0m resource "aws_cloudfront_distribution" "www_distribution" {
      [32m+[0m [0m[1m[0marn[0m[0m                            = (known after apply)
      [32m+[0m [0m[1m[0mcaller_reference[0m[0m               = (known after apply)
      [32m+[0m [0m[1m[0mdefault_root_object[0m[0m            = "index.html"
      [32m+[0m [0m[1m[0mdomain_name[0m[0m                    = (known after apply)
      [32m+[0m [0m[1m[0menabled[0m[0m                        = true
      [32m+[0m [0m[1m[0metag[0m[0m                           = (known after apply)
      [32m+[0m [0m[1m[0mhosted_zone_id[0m[0m                 = (known after apply)
      [32m+[0m [0m[1m[0mhttp_version[0m[0m                   = "http2"
      [32m+[0m [0m[1m[0mid[0m[0m                             = (known after apply)
      [32m+[0m [0m[1m[0min_progress_validation_batches[0m[0m = (known after apply)
      [32m+[0m [0m[1m[0mis_ipv6_enabled[0m[0m                = false
      [32m+[0m [0m[1m[0mlast_modified_time[0m[0m             = (known after apply)
      [32m+[0m [0m[1m[0mprice_class[0m[0m                    = "PriceClass_All"
      [32m+[0m [0m[1m[0mretain_on_delete[0m[0m               = false
      [32m+[0m [0m[1m[0mstatus[0m[0m                         = (known after apply)
      [32m+[0m [0m[1m[0mtags[0m[0m                           = {
          [32m+[0m [0m"Product"   = "client"
          [32m+[0m [0m"Stage"     = "prod"
          [32m+[0m [0m"Terraform" = "true"
        }
      [32m+[0m [0m[1m[0mtags_all[0m[0m                       = {
          [32m+[0m [0m"Product"   = "client"
          [32m+[0m [0m"Stage"     = "prod"
          [32m+[0m [0m"Terraform" = "true"
        }
      [32m+[0m [0m[1m[0mtrusted_key_groups[0m[0m             = (known after apply)
      [32m+[0m [0m[1m[0mtrusted_signers[0m[0m                = (known after apply)
      [32m+[0m [0m[1m[0mwait_for_deployment[0m[0m            = true

      [32m+[0m [0mcustom_error_response {
          [32m+[0m [0m[1m[0merror_code[0m[0m         = 400
          [32m+[0m [0m[1m[0mresponse_code[0m[0m      = 200
          [32m+[0m [0m[1m[0mresponse_page_path[0m[0m = "/index.html"
        }
      [32m+[0m [0mcustom_error_response {
          [32m+[0m [0m[1m[0merror_code[0m[0m         = 403
          [32m+[0m [0m[1m[0mresponse_code[0m[0m      = 200
          [32m+[0m [0m[1m[0mresponse_page_path[0m[0m = "/index.html"
        }

      [32m+[0m [0mdefault_cache_behavior {
          [32m+[0m [0m[1m[0mallowed_methods[0m[0m        = [
              [32m+[0m [0m"GET",
              [32m+[0m [0m"HEAD",
            ]
          [32m+[0m [0m[1m[0mcached_methods[0m[0m         = [
              [32m+[0m [0m"GET",
              [32m+[0m [0m"HEAD",
            ]
          [32m+[0m [0m[1m[0mcompress[0m[0m               = true
          [32m+[0m [0m[1m[0mdefault_ttl[0m[0m            = 86400
          [32m+[0m [0m[1m[0mmax_ttl[0m[0m                = 31536000
          [32m+[0m [0m[1m[0mmin_ttl[0m[0m                = 0
          [32m+[0m [0m[1m[0mtarget_origin_id[0m[0m       = "SMMP_smmp-web-client-prod_ID"
          [32m+[0m [0m[1m[0mtrusted_key_groups[0m[0m     = (known after apply)
          [32m+[0m [0m[1m[0mtrusted_signers[0m[0m        = (known after apply)
          [32m+[0m [0m[1m[0mviewer_protocol_policy[0m[0m = "redirect-to-https"

          [32m+[0m [0mforwarded_values {
              [32m+[0m [0m[1m[0mheaders[0m[0m                 = (known after apply)
              [32m+[0m [0m[1m[0mquery_string[0m[0m            = false
              [32m+[0m [0m[1m[0mquery_string_cache_keys[0m[0m = (known after apply)

              [32m+[0m [0mcookies {
                  [32m+[0m [0m[1m[0mforward[0m[0m           = "none"
                  [32m+[0m [0m[1m[0mwhitelisted_names[0m[0m = (known after apply)
                }
            }
        }

      [32m+[0m [0morigin {
          [32m+[0m [0m[1m[0mconnection_attempts[0m[0m = 3
          [32m+[0m [0m[1m[0mconnection_timeout[0m[0m  = 10
          [32m+[0m [0m[1m[0mdomain_name[0m[0m         = (known after apply)
          [32m+[0m [0m[1m[0morigin_id[0m[0m           = "SMMP_smmp-web-client-prod_ID"

          [32m+[0m [0mcustom_origin_config {
              [32m+[0m [0m[1m[0mhttp_port[0m[0m                = 80
              [32m+[0m [0m[1m[0mhttps_port[0m[0m               = 443
              [32m+[0m [0m[1m[0morigin_keepalive_timeout[0m[0m = 5
              [32m+[0m [0m[1m[0morigin_protocol_policy[0m[0m   = "http-only"
              [32m+[0m [0m[1m[0morigin_read_timeout[0m[0m      = 30
              [32m+[0m [0m[1m[0morigin_ssl_protocols[0m[0m     = [
                  [32m+[0m [0m"TLSv1",
                  [32m+[0m [0m"TLSv1.1",
                  [32m+[0m [0m"TLSv1.2",
                ]
            }
        }

      [32m+[0m [0mrestrictions {
          [32m+[0m [0mgeo_restriction {
              [32m+[0m [0m[1m[0mlocations[0m[0m        = (known after apply)
              [32m+[0m [0m[1m[0mrestriction_type[0m[0m = "none"
            }
        }

      [32m+[0m [0mviewer_certificate {
          [32m+[0m [0m[1m[0mcloudfront_default_certificate[0m[0m = true
          [32m+[0m [0m[1m[0mminimum_protocol_version[0m[0m       = "TLSv1"
        }
    }

[1m  # module.cfront_web_client_dev.aws_cloudfront_distribution.www_distribution[0m will be [1m[31mdestroyed[0m
  # (because aws_cloudfront_distribution.www_distribution is not in configuration)[0m
[0m  [31m-[0m[0m resource "aws_cloudfront_distribution" "www_distribution" {
      [31m-[0m [0m[1m[0maliases[0m[0m                        = [] [90m->[0m [0m[90mnull[0m[0m
      [31m-[0m [0m[1m[0marn[0m[0m                            = "arn:aws:cloudfront::032225495400:distribution/ERLJJ28QGEOP" [90m->[0m [0m[90mnull[0m[0m
      [31m-[0m [0m[1m[0mcaller_reference[0m[0m               = "terraform-20221118045115949300000002" [90m->[0m [0m[90mnull[0m[0m
      [31m-[0m [0m[1m[0mdefault_root_object[0m[0m            = "index.html" [90m->[0m [0m[90mnull[0m[0m
      [31m-[0m [0m[1m[0mdomain_name[0m[0m                    = "d1xg9l5tde1b65.cloudfront.net" [90m->[0m [0m[90mnull[0m[0m
      [31m-[0m [0m[1m[0menabled[0m[0m                        = true [90m->[0m [0m[90mnull[0m[0m
      [31m-[0m [0m[1m[0metag[0m[0m                           = "EFNJ7ASINZD9Q" [90m->[0m [0m[90mnull[0m[0m
      [31m-[0m [0m[1m[0mhosted_zone_id[0m[0m                 = "Z2FDTNDATAQYW2" [90m->[0m [0m[90mnull[0m[0m
      [31m-[0m [0m[1m[0mhttp_version[0m[0m                   = "http2" [90m->[0m [0m[90mnull[0m[0m
      [31m-[0m [0m[1m[0mid[0m[0m                             = "ERLJJ28QGEOP" [90m->[0m [0m[90mnull[0m[0m
      [31m-[0m [0m[1m[0min_progress_validation_batches[0m[0m = 0 [90m->[0m [0m[90mnull[0m[0m
      [31m-[0m [0m[1m[0mis_ipv6_enabled[0m[0m                = false [90m->[0m [0m[90mnull[0m[0m
      [31m-[0m [0m[1m[0mlast_modified_time[0m[0m             = "2022-12-03 06:52:49.383 +0000 UTC" [90m->[0m [0m[90mnull[0m[0m
      [31m-[0m [0m[1m[0mprice_class[0m[0m                    = "PriceClass_All" [90m->[0m [0m[90mnull[0m[0m
      [31m-[0m [0m[1m[0mretain_on_delete[0m[0m               = false [90m->[0m [0m[90mnull[0m[0m
      [31m-[0m [0m[1m[0mstatus[0m[0m                         = "Deployed" [90m->[0m [0m[90mnull[0m[0m
      [31m-[0m [0m[1m[0mtags[0m[0m                           = {
          [31m-[0m [0m"Product"   = "client"
          [31m-[0m [0m"Stage"     = "dev"
          [31m-[0m [0m"Terraform" = "true"
        } [90m->[0m [0m[90mnull[0m[0m
      [31m-[0m [0m[1m[0mtags_all[0m[0m                       = {
          [31m-[0m [0m"Product"   = "client"
          [31m-[0m [0m"Stage"     = "dev"
          [31m-[0m [0m"Terraform" = "true"
        } [90m->[0m [0m[90mnull[0m[0m
      [31m-[0m [0m[1m[0mtrusted_key_groups[0m[0m             = [
          [31m-[0m [0m{
              [31m-[0m [0menabled = false
              [31m-[0m [0mitems   = []
            },
        ] [90m->[0m [0m[90mnull[0m[0m
      [31m-[0m [0m[1m[0mtrusted_signers[0m[0m                = [
          [31m-[0m [0m{
              [31m-[0m [0menabled = false
              [31m-[0m [0mitems   = []
            },
        ] [90m->[0m [0m[90mnull[0m[0m
      [31m-[0m [0m[1m[0mwait_for_deployment[0m[0m            = true [90m->[0m [0m[90mnull[0m[0m

      [31m-[0m [0mcustom_error_response {
          [31m-[0m [0m[1m[0merror_caching_min_ttl[0m[0m = 0 [90m->[0m [0m[90mnull[0m[0m
          [31m-[0m [0m[1m[0merror_code[0m[0m            = 400 [90m->[0m [0m[90mnull[0m[0m
          [31m-[0m [0m[1m[0mresponse_code[0m[0m         = 200 [90m->[0m [0m[90mnull[0m[0m
          [31m-[0m [0m[1m[0mresponse_page_path[0m[0m    = "/index.html" [90m->[0m [0m[90mnull[0m[0m
        }
      [31m-[0m [0mcustom_error_response {
          [31m-[0m [0m[1m[0merror_caching_min_ttl[0m[0m = 0 [90m->[0m [0m[90mnull[0m[0m
          [31m-[0m [0m[1m[0merror_code[0m[0m            = 403 [90m->[0m [0m[90mnull[0m[0m
          [31m-[0m [0m[1m[0mresponse_code[0m[0m         = 200 [90m->[0m [0m[90mnull[0m[0m
          [31m-[0m [0m[1m[0mresponse_page_path[0m[0m    = "/index.html" [90m->[0m [0m[90mnull[0m[0m
        }

      [31m-[0m [0mdefault_cache_behavior {
          [31m-[0m [0m[1m[0mallowed_methods[0m[0m        = [
              [31m-[0m [0m"GET",
              [31m-[0m [0m"HEAD",
            ] [90m->[0m [0m[90mnull[0m[0m
          [31m-[0m [0m[1m[0mcached_methods[0m[0m         = [
              [31m-[0m [0m"GET",
              [31m-[0m [0m"HEAD",
            ] [90m->[0m [0m[90mnull[0m[0m
          [31m-[0m [0m[1m[0mcompress[0m[0m               = true [90m->[0m [0m[90mnull[0m[0m
          [31m-[0m [0m[1m[0mdefault_ttl[0m[0m            = 86400 [90m->[0m [0m[90mnull[0m[0m
          [31m-[0m [0m[1m[0mmax_ttl[0m[0m                = 31536000 [90m->[0m [0m[90mnull[0m[0m
          [31m-[0m [0m[1m[0mmin_ttl[0m[0m                = 0 [90m->[0m [0m[90mnull[0m[0m
          [31m-[0m [0m[1m[0msmooth_streaming[0m[0m       = false [90m->[0m [0m[90mnull[0m[0m
          [31m-[0m [0m[1m[0mtarget_origin_id[0m[0m       = "SMMP_smmp-web-client-dev_ID" [90m->[0m [0m[90mnull[0m[0m
          [31m-[0m [0m[1m[0mtrusted_key_groups[0m[0m     = [] [90m->[0m [0m[90mnull[0m[0m
          [31m-[0m [0m[1m[0mtrusted_signers[0m[0m        = [] [90m->[0m [0m[90mnull[0m[0m
          [31m-[0m [0m[1m[0mviewer_protocol_policy[0m[0m = "redirect-to-https" [90m->[0m [0m[90mnull[0m[0m

          [31m-[0m [0mforwarded_values {
              [31m-[0m [0m[1m[0mheaders[0m[0m                 = [] [90m->[0m [0m[90mnull[0m[0m
              [31m-[0m [0m[1m[0mquery_string[0m[0m            = false [90m->[0m [0m[90mnull[0m[0m
              [31m-[0m [0m[1m[0mquery_string_cache_keys[0m[0m = [] [90m->[0m [0m[90mnull[0m[0m

              [31m-[0m [0mcookies {
                  [31m-[0m [0m[1m[0mforward[0m[0m           = "none" [90m->[0m [0m[90mnull[0m[0m
                  [31m-[0m [0m[1m[0mwhitelisted_names[0m[0m = [] [90m->[0m [0m[90mnull[0m[0m
                }
            }
        }

      [31m-[0m [0morigin {
          [31m-[0m [0m[1m[0mconnection_attempts[0m[0m = 3 [90m->[0m [0m[90mnull[0m[0m
          [31m-[0m [0m[1m[0mconnection_timeout[0m[0m  = 10 [90m->[0m [0m[90mnull[0m[0m
          [31m-[0m [0m[1m[0mdomain_name[0m[0m         = "smmp-web-client-dev.s3.amazonaws.com" [90m->[0m [0m[90mnull[0m[0m
          [31m-[0m [0m[1m[0morigin_id[0m[0m           = "SMMP_smmp-web-client-dev_ID" [90m->[0m [0m[90mnull[0m[0m

          [31m-[0m [0mcustom_origin_config {
              [31m-[0m [0m[1m[0mhttp_port[0m[0m                = 80 [90m->[0m [0m[90mnull[0m[0m
              [31m-[0m [0m[1m[0mhttps_port[0m[0m               = 443 [90m->[0m [0m[90mnull[0m[0m
              [31m-[0m [0m[1m[0morigin_keepalive_timeout[0m[0m = 5 [90m->[0m [0m[90mnull[0m[0m
              [31m-[0m [0m[1m[0morigin_protocol_policy[0m[0m   = "http-only" [90m->[0m [0m[90mnull[0m[0m
              [31m-[0m [0m[1m[0morigin_read_timeout[0m[0m      = 30 [90m->[0m [0m[90mnull[0m[0m
              [31m-[0m [0m[1m[0morigin_ssl_protocols[0m[0m     = [
                  [31m-[0m [0m"TLSv1",
                  [31m-[0m [0m"TLSv1.1",
                  [31m-[0m [0m"TLSv1.2",
                ] [90m->[0m [0m[90mnull[0m[0m
            }
        }

      [31m-[0m [0mrestrictions {
          [31m-[0m [0mgeo_restriction {
              [31m-[0m [0m[1m[0mlocations[0m[0m        = [] [90m->[0m [0m[90mnull[0m[0m
              [31m-[0m [0m[1m[0mrestriction_type[0m[0m = "none" [90m->[0m [0m[90mnull[0m[0m
            }
        }

      [31m-[0m [0mviewer_certificate {
          [31m-[0m [0m[1m[0mcloudfront_default_certificate[0m[0m = true [90m->[0m [0m[90mnull[0m[0m
          [31m-[0m [0m[1m[0mminimum_protocol_version[0m[0m       = "TLSv1" [90m->[0m [0m[90mnull[0m[0m
        }
    }

[1m  # module.cfront_web_client_prod.aws_cloudfront_distribution.www_distribution[0m will be [1m[31mdestroyed[0m
  # (because aws_cloudfront_distribution.www_distribution is not in configuration)[0m
[0m  [31m-[0m[0m resource "aws_cloudfront_distribution" "www_distribution" {
      [31m-[0m [0m[1m[0maliases[0m[0m                        = [] [90m->[0m [0m[90mnull[0m[0m
      [31m-[0m [0m[1m[0marn[0m[0m                            = "arn:aws:cloudfront::032225495400:distribution/E1Y2IJK3MX62BR" [90m->[0m [0m[90mnull[0m[0m
      [31m-[0m [0m[1m[0mcaller_reference[0m[0m               = "terraform-20221118045115948200000001" [90m->[0m [0m[90mnull[0m[0m
      [31m-[0m [0m[1m[0mdefault_root_object[0m[0m            = "index.html" [90m->[0m [0m[90mnull[0m[0m
      [31m-[0m [0m[1m[0mdomain_name[0m[0m                    = "d21gf1rtovkxuc.cloudfront.net" [90m->[0m [0m[90mnull[0m[0m
      [31m-[0m [0m[1m[0menabled[0m[0m                        = true [90m->[0m [0m[90mnull[0m[0m
      [31m-[0m [0m[1m[0metag[0m[0m                           = "E1GWI0NFCHFCS8" [90m->[0m [0m[90mnull[0m[0m
      [31m-[0m [0m[1m[0mhosted_zone_id[0m[0m                 = "Z2FDTNDATAQYW2" [90m->[0m [0m[90mnull[0m[0m
      [31m-[0m [0m[1m[0mhttp_version[0m[0m                   = "http2" [90m->[0m [0m[90mnull[0m[0m
      [31m-[0m [0m[1m[0mid[0m[0m                             = "E1Y2IJK3MX62BR" [90m->[0m [0m[90mnull[0m[0m
      [31m-[0m [0m[1m[0min_progress_validation_batches[0m[0m = 0 [90m->[0m [0m[90mnull[0m[0m
      [31m-[0m [0m[1m[0mis_ipv6_enabled[0m[0m                = false [90m->[0m [0m[90mnull[0m[0m
      [31m-[0m [0m[1m[0mlast_modified_time[0m[0m             = "2022-12-03 06:52:49.403 +0000 UTC" [90m->[0m [0m[90mnull[0m[0m
      [31m-[0m [0m[1m[0mprice_class[0m[0m                    = "PriceClass_All" [90m->[0m [0m[90mnull[0m[0m
      [31m-[0m [0m[1m[0mretain_on_delete[0m[0m               = false [90m->[0m [0m[90mnull[0m[0m
      [31m-[0m [0m[1m[0mstatus[0m[0m                         = "Deployed" [90m->[0m [0m[90mnull[0m[0m
      [31m-[0m [0m[1m[0mtags[0m[0m                           = {
          [31m-[0m [0m"Product"   = "client"
          [31m-[0m [0m"Stage"     = "prod"
          [31m-[0m [0m"Terraform" = "true"
        } [90m->[0m [0m[90mnull[0m[0m
      [31m-[0m [0m[1m[0mtags_all[0m[0m                       = {
          [31m-[0m [0m"Product"   = "client"
          [31m-[0m [0m"Stage"     = "prod"
          [31m-[0m [0m"Terraform" = "true"
        } [90m->[0m [0m[90mnull[0m[0m
      [31m-[0m [0m[1m[0mtrusted_key_groups[0m[0m             = [
          [31m-[0m [0m{
              [31m-[0m [0menabled = false
              [31m-[0m [0mitems   = []
            },
        ] [90m->[0m [0m[90mnull[0m[0m
      [31m-[0m [0m[1m[0mtrusted_signers[0m[0m                = [
          [31m-[0m [0m{
              [31m-[0m [0menabled = false
              [31m-[0m [0mitems   = []
            },
        ] [90m->[0m [0m[90mnull[0m[0m
      [31m-[0m [0m[1m[0mwait_for_deployment[0m[0m            = true [90m->[0m [0m[90mnull[0m[0m

      [31m-[0m [0mcustom_error_response {
          [31m-[0m [0m[1m[0merror_caching_min_ttl[0m[0m = 0 [90m->[0m [0m[90mnull[0m[0m
          [31m-[0m [0m[1m[0merror_code[0m[0m            = 400 [90m->[0m [0m[90mnull[0m[0m
          [31m-[0m [0m[1m[0mresponse_code[0m[0m         = 200 [90m->[0m [0m[90mnull[0m[0m
          [31m-[0m [0m[1m[0mresponse_page_path[0m[0m    = "/index.html" [90m->[0m [0m[90mnull[0m[0m
        }
      [31m-[0m [0mcustom_error_response {
          [31m-[0m [0m[1m[0merror_caching_min_ttl[0m[0m = 0 [90m->[0m [0m[90mnull[0m[0m
          [31m-[0m [0m[1m[0merror_code[0m[0m            = 403 [90m->[0m [0m[90mnull[0m[0m
          [31m-[0m [0m[1m[0mresponse_code[0m[0m         = 200 [90m->[0m [0m[90mnull[0m[0m
          [31m-[0m [0m[1m[0mresponse_page_path[0m[0m    = "/index.html" [90m->[0m [0m[90mnull[0m[0m
        }

      [31m-[0m [0mdefault_cache_behavior {
          [31m-[0m [0m[1m[0mallowed_methods[0m[0m        = [
              [31m-[0m [0m"GET",
              [31m-[0m [0m"HEAD",
            ] [90m->[0m [0m[90mnull[0m[0m
          [31m-[0m [0m[1m[0mcached_methods[0m[0m         = [
              [31m-[0m [0m"GET",
              [31m-[0m [0m"HEAD",
            ] [90m->[0m [0m[90mnull[0m[0m
          [31m-[0m [0m[1m[0mcompress[0m[0m               = true [90m->[0m [0m[90mnull[0m[0m
          [31m-[0m [0m[1m[0mdefault_ttl[0m[0m            = 86400 [90m->[0m [0m[90mnull[0m[0m
          [31m-[0m [0m[1m[0mmax_ttl[0m[0m                = 31536000 [90m->[0m [0m[90mnull[0m[0m
          [31m-[0m [0m[1m[0mmin_ttl[0m[0m                = 0 [90m->[0m [0m[90mnull[0m[0m
          [31m-[0m [0m[1m[0msmooth_streaming[0m[0m       = false [90m->[0m [0m[90mnull[0m[0m
          [31m-[0m [0m[1m[0mtarget_origin_id[0m[0m       = "SMMP_smmp-web-client-prod_ID" [90m->[0m [0m[90mnull[0m[0m
          [31m-[0m [0m[1m[0mtrusted_key_groups[0m[0m     = [] [90m->[0m [0m[90mnull[0m[0m
          [31m-[0m [0m[1m[0mtrusted_signers[0m[0m        = [] [90m->[0m [0m[90mnull[0m[0m
          [31m-[0m [0m[1m[0mviewer_protocol_policy[0m[0m = "redirect-to-https" [90m->[0m [0m[90mnull[0m[0m

          [31m-[0m [0mforwarded_values {
              [31m-[0m [0m[1m[0mheaders[0m[0m                 = [] [90m->[0m [0m[90mnull[0m[0m
              [31m-[0m [0m[1m[0mquery_string[0m[0m            = false [90m->[0m [0m[90mnull[0m[0m
              [31m-[0m [0m[1m[0mquery_string_cache_keys[0m[0m = [] [90m->[0m [0m[90mnull[0m[0m

              [31m-[0m [0mcookies {
                  [31m-[0m [0m[1m[0mforward[0m[0m           = "none" [90m->[0m [0m[90mnull[0m[0m
                  [31m-[0m [0m[1m[0mwhitelisted_names[0m[0m = [] [90m->[0m [0m[90mnull[0m[0m
                }
            }
        }

      [31m-[0m [0morigin {
          [31m-[0m [0m[1m[0mconnection_attempts[0m[0m = 3 [90m->[0m [0m[90mnull[0m[0m
          [31m-[0m [0m[1m[0mconnection_timeout[0m[0m  = 10 [90m->[0m [0m[90mnull[0m[0m
          [31m-[0m [0m[1m[0mdomain_name[0m[0m         = "smmp-web-client-prod.s3.amazonaws.com" [90m->[0m [0m[90mnull[0m[0m
          [31m-[0m [0m[1m[0morigin_id[0m[0m           = "SMMP_smmp-web-client-prod_ID" [90m->[0m [0m[90mnull[0m[0m

          [31m-[0m [0mcustom_origin_config {
              [31m-[0m [0m[1m[0mhttp_port[0m[0m                = 80 [90m->[0m [0m[90mnull[0m[0m
              [31m-[0m [0m[1m[0mhttps_port[0m[0m               = 443 [90m->[0m [0m[90mnull[0m[0m
              [31m-[0m [0m[1m[0morigin_keepalive_timeout[0m[0m = 5 [90m->[0m [0m[90mnull[0m[0m
              [31m-[0m [0m[1m[0morigin_protocol_policy[0m[0m   = "http-only" [90m->[0m [0m[90mnull[0m[0m
              [31m-[0m [0m[1m[0morigin_read_timeout[0m[0m      = 30 [90m->[0m [0m[90mnull[0m[0m
              [31m-[0m [0m[1m[0morigin_ssl_protocols[0m[0m     = [
                  [31m-[0m [0m"TLSv1",
                  [31m-[0m [0m"TLSv1.1",
                  [31m-[0m [0m"TLSv1.2",
                ] [90m->[0m [0m[90mnull[0m[0m
            }
        }

      [31m-[0m [0mrestrictions {
          [31m-[0m [0mgeo_restriction {
              [31m-[0m [0m[1m[0mlocations[0m[0m        = [] [90m->[0m [0m[90mnull[0m[0m
              [31m-[0m [0m[1m[0mrestriction_type[0m[0m = "none" [90m->[0m [0m[90mnull[0m[0m
            }
        }

      [31m-[0m [0mviewer_certificate {
          [31m-[0m [0m[1m[0mcloudfront_default_certificate[0m[0m = true [90m->[0m [0m[90mnull[0m[0m
          [31m-[0m [0m[1m[0mminimum_protocol_version[0m[0m       = "TLSv1" [90m->[0m [0m[90mnull[0m[0m
        }
    }

[1m  # module.web_client[0].aws_s3_bucket.web_bucket[0m will be created[0m[0m
[0m  [32m+[0m[0m resource "aws_s3_bucket" "web_bucket" {
      [32m+[0m [0m[1m[0macceleration_status[0m[0m         = (known after apply)
      [32m+[0m [0m[1m[0macl[0m[0m                         = (known after apply)
      [32m+[0m [0m[1m[0marn[0m[0m                         = (known after apply)
      [32m+[0m [0m[1m[0mbucket[0m[0m                      = "smmp-web-client-dev"
      [32m+[0m [0m[1m[0mbucket_domain_name[0m[0m          = (known after apply)
      [32m+[0m [0m[1m[0mbucket_regional_domain_name[0m[0m = (known after apply)
      [32m+[0m [0m[1m[0mforce_destroy[0m[0m               = false
      [32m+[0m [0m[1m[0mhosted_zone_id[0m[0m              = (known after apply)
      [32m+[0m [0m[1m[0mid[0m[0m                          = (known after apply)
      [32m+[0m [0m[1m[0mobject_lock_enabled[0m[0m         = (known after apply)
      [32m+[0m [0m[1m[0mpolicy[0m[0m                      = (known after apply)
      [32m+[0m [0m[1m[0mregion[0m[0m                      = (known after apply)
      [32m+[0m [0m[1m[0mrequest_payer[0m[0m               = (known after apply)
      [32m+[0m [0m[1m[0mtags[0m[0m                        = {
          [32m+[0m [0m"Product"   = "client"
          [32m+[0m [0m"Stage"     = "dev"
          [32m+[0m [0m"Terraform" = "true"
        }
      [32m+[0m [0m[1m[0mtags_all[0m[0m                    = {
          [32m+[0m [0m"Product"   = "client"
          [32m+[0m [0m"Stage"     = "dev"
          [32m+[0m [0m"Terraform" = "true"
        }
      [32m+[0m [0m[1m[0mwebsite_domain[0m[0m              = (known after apply)
      [32m+[0m [0m[1m[0mwebsite_endpoint[0m[0m            = (known after apply)

      [32m+[0m [0mcors_rule {
          [32m+[0m [0m[1m[0mallowed_headers[0m[0m = (known after apply)
          [32m+[0m [0m[1m[0mallowed_methods[0m[0m = (known after apply)
          [32m+[0m [0m[1m[0mallowed_origins[0m[0m = (known after apply)
          [32m+[0m [0m[1m[0mexpose_headers[0m[0m  = (known after apply)
          [32m+[0m [0m[1m[0mmax_age_seconds[0m[0m = (known after apply)
        }

      [32m+[0m [0mgrant {
          [32m+[0m [0m[1m[0mid[0m[0m          = (known after apply)
          [32m+[0m [0m[1m[0mpermissions[0m[0m = (known after apply)
          [32m+[0m [0m[1m[0mtype[0m[0m        = (known after apply)
          [32m+[0m [0m[1m[0muri[0m[0m         = (known after apply)
        }

      [32m+[0m [0mlifecycle_rule {
          [32m+[0m [0m[1m[0mabort_incomplete_multipart_upload_days[0m[0m = (known after apply)
          [32m+[0m [0m[1m[0menabled[0m[0m                                = (known after apply)
          [32m+[0m [0m[1m[0mid[0m[0m                                     = (known after apply)
          [32m+[0m [0m[1m[0mprefix[0m[0m                                 = (known after apply)
          [32m+[0m [0m[1m[0mtags[0m[0m                                   = (known after apply)

          [32m+[0m [0mexpiration {
              [32m+[0m [0m[1m[0mdate[0m[0m                         = (known after apply)
              [32m+[0m [0m[1m[0mdays[0m[0m                         = (known after apply)
              [32m+[0m [0m[1m[0mexpired_object_delete_marker[0m[0m = (known after apply)
            }

          [32m+[0m [0mnoncurrent_version_expiration {
              [32m+[0m [0m[1m[0mdays[0m[0m = (known after apply)
            }

          [32m+[0m [0mnoncurrent_version_transition {
              [32m+[0m [0m[1m[0mdays[0m[0m          = (known after apply)
              [32m+[0m [0m[1m[0mstorage_class[0m[0m = (known after apply)
            }

          [32m+[0m [0mtransition {
              [32m+[0m [0m[1m[0mdate[0m[0m          = (known after apply)
              [32m+[0m [0m[1m[0mdays[0m[0m          = (known after apply)
              [32m+[0m [0m[1m[0mstorage_class[0m[0m = (known after apply)
            }
        }

      [32m+[0m [0mlogging {
          [32m+[0m [0m[1m[0mtarget_bucket[0m[0m = (known after apply)
          [32m+[0m [0m[1m[0mtarget_prefix[0m[0m = (known after apply)
        }

      [32m+[0m [0mobject_lock_configuration {
          [32m+[0m [0m[1m[0mobject_lock_enabled[0m[0m = (known after apply)

          [32m+[0m [0mrule {
              [32m+[0m [0mdefault_retention {
                  [32m+[0m [0m[1m[0mdays[0m[0m  = (known after apply)
                  [32m+[0m [0m[1m[0mmode[0m[0m  = (known after apply)
                  [32m+[0m [0m[1m[0myears[0m[0m = (known after apply)
                }
            }
        }

      [32m+[0m [0mreplication_configuration {
          [32m+[0m [0m[1m[0mrole[0m[0m = (known after apply)

          [32m+[0m [0mrules {
              [32m+[0m [0m[1m[0mdelete_marker_replication_status[0m[0m = (known after apply)
              [32m+[0m [0m[1m[0mid[0m[0m                               = (known after apply)
              [32m+[0m [0m[1m[0mprefix[0m[0m                           = (known after apply)
              [32m+[0m [0m[1m[0mpriority[0m[0m                         = (known after apply)
              [32m+[0m [0m[1m[0mstatus[0m[0m                           = (known after apply)

              [32m+[0m [0mdestination {
                  [32m+[0m [0m[1m[0maccount_id[0m[0m         = (known after apply)
                  [32m+[0m [0m[1m[0mbucket[0m[0m             = (known after apply)
                  [32m+[0m [0m[1m[0mreplica_kms_key_id[0m[0m = (known after apply)
                  [32m+[0m [0m[1m[0mstorage_class[0m[0m      = (known after apply)

                  [32m+[0m [0maccess_control_translation {
                      [32m+[0m [0m[1m[0mowner[0m[0m = (known after apply)
                    }

                  [32m+[0m [0mmetrics {
                      [32m+[0m [0m[1m[0mminutes[0m[0m = (known after apply)
                      [32m+[0m [0m[1m[0mstatus[0m[0m  = (known after apply)
                    }

                  [32m+[0m [0mreplication_time {
                      [32m+[0m [0m[1m[0mminutes[0m[0m = (known after apply)
                      [32m+[0m [0m[1m[0mstatus[0m[0m  = (known after apply)
                    }
                }

              [32m+[0m [0mfilter {
                  [32m+[0m [0m[1m[0mprefix[0m[0m = (known after apply)
                  [32m+[0m [0m[1m[0mtags[0m[0m   = (known after apply)
                }

              [32m+[0m [0msource_selection_criteria {
                  [32m+[0m [0msse_kms_encrypted_objects {
                      [32m+[0m [0m[1m[0menabled[0m[0m = (known after apply)
                    }
                }
            }
        }

      [32m+[0m [0mserver_side_encryption_configuration {
          [32m+[0m [0mrule {
              [32m+[0m [0m[1m[0mbucket_key_enabled[0m[0m = (known after apply)

              [32m+[0m [0mapply_server_side_encryption_by_default {
                  [32m+[0m [0m[1m[0mkms_master_key_id[0m[0m = (known after apply)
                  [32m+[0m [0m[1m[0msse_algorithm[0m[0m     = (known after apply)
                }
            }
        }

      [32m+[0m [0mversioning {
          [32m+[0m [0m[1m[0menabled[0m[0m    = (known after apply)
          [32m+[0m [0m[1m[0mmfa_delete[0m[0m = (known after apply)
        }

      [32m+[0m [0mwebsite {
          [32m+[0m [0m[1m[0merror_document[0m[0m           = (known after apply)
          [32m+[0m [0m[1m[0mindex_document[0m[0m           = (known after apply)
          [32m+[0m [0m[1m[0mredirect_all_requests_to[0m[0m = (known after apply)
          [32m+[0m [0m[1m[0mrouting_rules[0m[0m            = (known after apply)
        }
    }

[1m  # module.web_client[0].aws_s3_bucket_policy.web_bucket[0m will be created[0m[0m
[0m  [32m+[0m[0m resource "aws_s3_bucket_policy" "web_bucket" {
      [32m+[0m [0m[1m[0mbucket[0m[0m = (known after apply)
      [32m+[0m [0m[1m[0mid[0m[0m     = (known after apply)
      [32m+[0m [0m[1m[0mpolicy[0m[0m = jsonencode(
            {
              [32m+[0m [0mStatement = [
                  [32m+[0m [0m{
                      [32m+[0m [0mAction    = "s3:GetObject"
                      [32m+[0m [0mEffect    = "Allow"
                      [32m+[0m [0mPrincipal = {
                          [32m+[0m [0mAWS = "*"
                        }
                      [32m+[0m [0mResource  = "arn:aws:s3:::smmp-web-client-dev/*"
                      [32m+[0m [0mSid       = ""
                    },
                ]
              [32m+[0m [0mVersion   = "2012-10-17"
            }
        )
    }

[1m  # module.web_client[0].aws_s3_bucket_website_configuration.web_bucket[0m will be created[0m[0m
[0m  [32m+[0m[0m resource "aws_s3_bucket_website_configuration" "web_bucket" {
      [32m+[0m [0m[1m[0mbucket[0m[0m           = "smmp-web-client-dev"
      [32m+[0m [0m[1m[0mid[0m[0m               = (known after apply)
      [32m+[0m [0m[1m[0mrouting_rules[0m[0m    = (known after apply)
      [32m+[0m [0m[1m[0mwebsite_domain[0m[0m   = (known after apply)
      [32m+[0m [0m[1m[0mwebsite_endpoint[0m[0m = (known after apply)

      [32m+[0m [0merror_document {
          [32m+[0m [0m[1m[0mkey[0m[0m = "index.html"
        }

      [32m+[0m [0mindex_document {
          [32m+[0m [0m[1m[0msuffix[0m[0m = "index.html"
        }

      [32m+[0m [0mrouting_rule {
          [32m+[0m [0mcondition {
              [32m+[0m [0m[1m[0mhttp_error_code_returned_equals[0m[0m = (known after apply)
              [32m+[0m [0m[1m[0mkey_prefix_equals[0m[0m               = (known after apply)
            }

          [32m+[0m [0mredirect {
              [32m+[0m [0m[1m[0mhost_name[0m[0m               = (known after apply)
              [32m+[0m [0m[1m[0mhttp_redirect_code[0m[0m      = (known after apply)
              [32m+[0m [0m[1m[0mprotocol[0m[0m                = (known after apply)
              [32m+[0m [0m[1m[0mreplace_key_prefix_with[0m[0m = (known after apply)
              [32m+[0m [0m[1m[0mreplace_key_with[0m[0m        = (known after apply)
            }
        }
    }

[1m  # module.web_client[1].aws_s3_bucket.web_bucket[0m will be created[0m[0m
[0m  [32m+[0m[0m resource "aws_s3_bucket" "web_bucket" {
      [32m+[0m [0m[1m[0macceleration_status[0m[0m         = (known after apply)
      [32m+[0m [0m[1m[0macl[0m[0m                         = (known after apply)
      [32m+[0m [0m[1m[0marn[0m[0m                         = (known after apply)
      [32m+[0m [0m[1m[0mbucket[0m[0m                      = "smmp-web-client-prod"
      [32m+[0m [0m[1m[0mbucket_domain_name[0m[0m          = (known after apply)
      [32m+[0m [0m[1m[0mbucket_regional_domain_name[0m[0m = (known after apply)
      [32m+[0m [0m[1m[0mforce_destroy[0m[0m               = false
      [32m+[0m [0m[1m[0mhosted_zone_id[0m[0m              = (known after apply)
      [32m+[0m [0m[1m[0mid[0m[0m                          = (known after apply)
      [32m+[0m [0m[1m[0mobject_lock_enabled[0m[0m         = (known after apply)
      [32m+[0m [0m[1m[0mpolicy[0m[0m                      = (known after apply)
      [32m+[0m [0m[1m[0mregion[0m[0m                      = (known after apply)
      [32m+[0m [0m[1m[0mrequest_payer[0m[0m               = (known after apply)
      [32m+[0m [0m[1m[0mtags[0m[0m                        = {
          [32m+[0m [0m"Product"   = "client"
          [32m+[0m [0m"Stage"     = "prod"
          [32m+[0m [0m"Terraform" = "true"
        }
      [32m+[0m [0m[1m[0mtags_all[0m[0m                    = {
          [32m+[0m [0m"Product"   = "client"
          [32m+[0m [0m"Stage"     = "prod"
          [32m+[0m [0m"Terraform" = "true"
        }
      [32m+[0m [0m[1m[0mwebsite_domain[0m[0m              = (known after apply)
      [32m+[0m [0m[1m[0mwebsite_endpoint[0m[0m            = (known after apply)

      [32m+[0m [0mcors_rule {
          [32m+[0m [0m[1m[0mallowed_headers[0m[0m = (known after apply)
          [32m+[0m [0m[1m[0mallowed_methods[0m[0m = (known after apply)
          [32m+[0m [0m[1m[0mallowed_origins[0m[0m = (known after apply)
          [32m+[0m [0m[1m[0mexpose_headers[0m[0m  = (known after apply)
          [32m+[0m [0m[1m[0mmax_age_seconds[0m[0m = (known after apply)
        }

      [32m+[0m [0mgrant {
          [32m+[0m [0m[1m[0mid[0m[0m          = (known after apply)
          [32m+[0m [0m[1m[0mpermissions[0m[0m = (known after apply)
          [32m+[0m [0m[1m[0mtype[0m[0m        = (known after apply)
          [32m+[0m [0m[1m[0muri[0m[0m         = (known after apply)
        }

      [32m+[0m [0mlifecycle_rule {
          [32m+[0m [0m[1m[0mabort_incomplete_multipart_upload_days[0m[0m = (known after apply)
          [32m+[0m [0m[1m[0menabled[0m[0m                                = (known after apply)
          [32m+[0m [0m[1m[0mid[0m[0m                                     = (known after apply)
          [32m+[0m [0m[1m[0mprefix[0m[0m                                 = (known after apply)
          [32m+[0m [0m[1m[0mtags[0m[0m                                   = (known after apply)

          [32m+[0m [0mexpiration {
              [32m+[0m [0m[1m[0mdate[0m[0m                         = (known after apply)
              [32m+[0m [0m[1m[0mdays[0m[0m                         = (known after apply)
              [32m+[0m [0m[1m[0mexpired_object_delete_marker[0m[0m = (known after apply)
            }

          [32m+[0m [0mnoncurrent_version_expiration {
              [32m+[0m [0m[1m[0mdays[0m[0m = (known after apply)
            }

          [32m+[0m [0mnoncurrent_version_transition {
              [32m+[0m [0m[1m[0mdays[0m[0m          = (known after apply)
              [32m+[0m [0m[1m[0mstorage_class[0m[0m = (known after apply)
            }

          [32m+[0m [0mtransition {
              [32m+[0m [0m[1m[0mdate[0m[0m          = (known after apply)
              [32m+[0m [0m[1m[0mdays[0m[0m          = (known after apply)
              [32m+[0m [0m[1m[0mstorage_class[0m[0m = (known after apply)
            }
        }

      [32m+[0m [0mlogging {
          [32m+[0m [0m[1m[0mtarget_bucket[0m[0m = (known after apply)
          [32m+[0m [0m[1m[0mtarget_prefix[0m[0m = (known after apply)
        }

      [32m+[0m [0mobject_lock_configuration {
          [32m+[0m [0m[1m[0mobject_lock_enabled[0m[0m = (known after apply)

          [32m+[0m [0mrule {
              [32m+[0m [0mdefault_retention {
                  [32m+[0m [0m[1m[0mdays[0m[0m  = (known after apply)
                  [32m+[0m [0m[1m[0mmode[0m[0m  = (known after apply)
                  [32m+[0m [0m[1m[0myears[0m[0m = (known after apply)
                }
            }
        }

      [32m+[0m [0mreplication_configuration {
          [32m+[0m [0m[1m[0mrole[0m[0m = (known after apply)

          [32m+[0m [0mrules {
              [32m+[0m [0m[1m[0mdelete_marker_replication_status[0m[0m = (known after apply)
              [32m+[0m [0m[1m[0mid[0m[0m                               = (known after apply)
              [32m+[0m [0m[1m[0mprefix[0m[0m                           = (known after apply)
              [32m+[0m [0m[1m[0mpriority[0m[0m                         = (known after apply)
              [32m+[0m [0m[1m[0mstatus[0m[0m                           = (known after apply)

              [32m+[0m [0mdestination {
                  [32m+[0m [0m[1m[0maccount_id[0m[0m         = (known after apply)
                  [32m+[0m [0m[1m[0mbucket[0m[0m             = (known after apply)
                  [32m+[0m [0m[1m[0mreplica_kms_key_id[0m[0m = (known after apply)
                  [32m+[0m [0m[1m[0mstorage_class[0m[0m      = (known after apply)

                  [32m+[0m [0maccess_control_translation {
                      [32m+[0m [0m[1m[0mowner[0m[0m = (known after apply)
                    }

                  [32m+[0m [0mmetrics {
                      [32m+[0m [0m[1m[0mminutes[0m[0m = (known after apply)
                      [32m+[0m [0m[1m[0mstatus[0m[0m  = (known after apply)
                    }

                  [32m+[0m [0mreplication_time {
                      [32m+[0m [0m[1m[0mminutes[0m[0m = (known after apply)
                      [32m+[0m [0m[1m[0mstatus[0m[0m  = (known after apply)
                    }
                }

              [32m+[0m [0mfilter {
                  [32m+[0m [0m[1m[0mprefix[0m[0m = (known after apply)
                  [32m+[0m [0m[1m[0mtags[0m[0m   = (known after apply)
                }

              [32m+[0m [0msource_selection_criteria {
                  [32m+[0m [0msse_kms_encrypted_objects {
                      [32m+[0m [0m[1m[0menabled[0m[0m = (known after apply)
                    }
                }
            }
        }

      [32m+[0m [0mserver_side_encryption_configuration {
          [32m+[0m [0mrule {
              [32m+[0m [0m[1m[0mbucket_key_enabled[0m[0m = (known after apply)

              [32m+[0m [0mapply_server_side_encryption_by_default {
                  [32m+[0m [0m[1m[0mkms_master_key_id[0m[0m = (known after apply)
                  [32m+[0m [0m[1m[0msse_algorithm[0m[0m     = (known after apply)
                }
            }
        }

      [32m+[0m [0mversioning {
          [32m+[0m [0m[1m[0menabled[0m[0m    = (known after apply)
          [32m+[0m [0m[1m[0mmfa_delete[0m[0m = (known after apply)
        }

      [32m+[0m [0mwebsite {
          [32m+[0m [0m[1m[0merror_document[0m[0m           = (known after apply)
          [32m+[0m [0m[1m[0mindex_document[0m[0m           = (known after apply)
          [32m+[0m [0m[1m[0mredirect_all_requests_to[0m[0m = (known after apply)
          [32m+[0m [0m[1m[0mrouting_rules[0m[0m            = (known after apply)
        }
    }

[1m  # module.web_client[1].aws_s3_bucket_policy.web_bucket[0m will be created[0m[0m
[0m  [32m+[0m[0m resource "aws_s3_bucket_policy" "web_bucket" {
      [32m+[0m [0m[1m[0mbucket[0m[0m = (known after apply)
      [32m+[0m [0m[1m[0mid[0m[0m     = (known after apply)
      [32m+[0m [0m[1m[0mpolicy[0m[0m = jsonencode(
            {
              [32m+[0m [0mStatement = [
                  [32m+[0m [0m{
                      [32m+[0m [0mAction    = "s3:GetObject"
                      [32m+[0m [0mEffect    = "Allow"
                      [32m+[0m [0mPrincipal = {
                          [32m+[0m [0mAWS = "*"
                        }
                      [32m+[0m [0mResource  = "arn:aws:s3:::smmp-web-client-prod/*"
                      [32m+[0m [0mSid       = ""
                    },
                ]
              [32m+[0m [0mVersion   = "2012-10-17"
            }
        )
    }

[1m  # module.web_client[1].aws_s3_bucket_website_configuration.web_bucket[0m will be created[0m[0m
[0m  [32m+[0m[0m resource "aws_s3_bucket_website_configuration" "web_bucket" {
      [32m+[0m [0m[1m[0mbucket[0m[0m           = "smmp-web-client-prod"
      [32m+[0m [0m[1m[0mid[0m[0m               = (known after apply)
      [32m+[0m [0m[1m[0mrouting_rules[0m[0m    = (known after apply)
      [32m+[0m [0m[1m[0mwebsite_domain[0m[0m   = (known after apply)
      [32m+[0m [0m[1m[0mwebsite_endpoint[0m[0m = (known after apply)

      [32m+[0m [0merror_document {
          [32m+[0m [0m[1m[0mkey[0m[0m = "index.html"
        }

      [32m+[0m [0mindex_document {
          [32m+[0m [0m[1m[0msuffix[0m[0m = "index.html"
        }

      [32m+[0m [0mrouting_rule {
          [32m+[0m [0mcondition {
              [32m+[0m [0m[1m[0mhttp_error_code_returned_equals[0m[0m = (known after apply)
              [32m+[0m [0m[1m[0mkey_prefix_equals[0m[0m               = (known after apply)
            }

          [32m+[0m [0mredirect {
              [32m+[0m [0m[1m[0mhost_name[0m[0m               = (known after apply)
              [32m+[0m [0m[1m[0mhttp_redirect_code[0m[0m      = (known after apply)
              [32m+[0m [0m[1m[0mprotocol[0m[0m                = (known after apply)
              [32m+[0m [0m[1m[0mreplace_key_prefix_with[0m[0m = (known after apply)
              [32m+[0m [0m[1m[0mreplace_key_with[0m[0m        = (known after apply)
            }
        }
    }

[1m  # module.web_client_dev.aws_s3_bucket.web_bucket[0m will be [1m[31mdestroyed[0m
  # (because aws_s3_bucket.web_bucket is not in configuration)[0m
[0m  [31m-[0m[0m resource "aws_s3_bucket" "web_bucket" {
      [31m-[0m [0m[1m[0marn[0m[0m                         = "arn:aws:s3:::smmp-web-client-dev" [90m->[0m [0m[90mnull[0m[0m
      [31m-[0m [0m[1m[0mbucket[0m[0m                      = "smmp-web-client-dev" [90m->[0m [0m[90mnull[0m[0m
      [31m-[0m [0m[1m[0mbucket_domain_name[0m[0m          = "smmp-web-client-dev.s3.amazonaws.com" [90m->[0m [0m[90mnull[0m[0m
      [31m-[0m [0m[1m[0mbucket_regional_domain_name[0m[0m = "smmp-web-client-dev.s3.amazonaws.com" [90m->[0m [0m[90mnull[0m[0m
      [31m-[0m [0m[1m[0mforce_destroy[0m[0m               = false [90m->[0m [0m[90mnull[0m[0m
      [31m-[0m [0m[1m[0mhosted_zone_id[0m[0m              = "Z3AQBSTGFYJSTF" [90m->[0m [0m[90mnull[0m[0m
      [31m-[0m [0m[1m[0mid[0m[0m                          = "smmp-web-client-dev" [90m->[0m [0m[90mnull[0m[0m
      [31m-[0m [0m[1m[0mobject_lock_enabled[0m[0m         = false [90m->[0m [0m[90mnull[0m[0m
      [31m-[0m [0m[1m[0mpolicy[0m[0m                      = jsonencode(
            {
              [31m-[0m [0mStatement = [
                  [31m-[0m [0m{
                      [31m-[0m [0mAction    = "s3:GetObject"
                      [31m-[0m [0mEffect    = "Allow"
                      [31m-[0m [0mPrincipal = {
                          [31m-[0m [0mAWS = "*"
                        }
                      [31m-[0m [0mResource  = "arn:aws:s3:::smmp-web-client-dev/*"
                      [31m-[0m [0mSid       = ""
                    },
                ]
              [31m-[0m [0mVersion   = "2012-10-17"
            }
        ) [90m->[0m [0m[90mnull[0m[0m
      [31m-[0m [0m[1m[0mregion[0m[0m                      = "us-east-1" [90m->[0m [0m[90mnull[0m[0m
      [31m-[0m [0m[1m[0mrequest_payer[0m[0m               = "BucketOwner" [90m->[0m [0m[90mnull[0m[0m
      [31m-[0m [0m[1m[0mtags[0m[0m                        = {
          [31m-[0m [0m"Product"   = "client"
          [31m-[0m [0m"Stage"     = "dev"
          [31m-[0m [0m"Terraform" = "true"
        } [90m->[0m [0m[90mnull[0m[0m
      [31m-[0m [0m[1m[0mtags_all[0m[0m                    = {
          [31m-[0m [0m"Product"   = "client"
          [31m-[0m [0m"Stage"     = "dev"
          [31m-[0m [0m"Terraform" = "true"
        } [90m->[0m [0m[90mnull[0m[0m
      [31m-[0m [0m[1m[0mwebsite_domain[0m[0m              = "s3-website-us-east-1.amazonaws.com" [90m->[0m [0m[90mnull[0m[0m
      [31m-[0m [0m[1m[0mwebsite_endpoint[0m[0m            = "smmp-web-client-dev.s3-website-us-east-1.amazonaws.com" [90m->[0m [0m[90mnull[0m[0m

      [31m-[0m [0mgrant {
          [31m-[0m [0m[1m[0mid[0m[0m          = "60ee4e1458c3885c934205beffe1dd3d467c7893d24c2a0c25735a331379add1" [90m->[0m [0m[90mnull[0m[0m
          [31m-[0m [0m[1m[0mpermissions[0m[0m = [
              [31m-[0m [0m"FULL_CONTROL",
            ] [90m->[0m [0m[90mnull[0m[0m
          [31m-[0m [0m[1m[0mtype[0m[0m        = "CanonicalUser" [90m->[0m [0m[90mnull[0m[0m
        }

      [31m-[0m [0mversioning {
          [31m-[0m [0m[1m[0menabled[0m[0m    = false [90m->[0m [0m[90mnull[0m[0m
          [31m-[0m [0m[1m[0mmfa_delete[0m[0m = false [90m->[0m [0m[90mnull[0m[0m
        }

      [31m-[0m [0mwebsite {
          [31m-[0m [0m[1m[0merror_document[0m[0m = "index.html" [90m->[0m [0m[90mnull[0m[0m
          [31m-[0m [0m[1m[0mindex_document[0m[0m = "index.html" [90m->[0m [0m[90mnull[0m[0m
        }
    }

[1m  # module.web_client_dev.aws_s3_bucket_policy.web_bucket[0m will be [1m[31mdestroyed[0m
  # (because aws_s3_bucket_policy.web_bucket is not in configuration)[0m
[0m  [31m-[0m[0m resource "aws_s3_bucket_policy" "web_bucket" {
      [31m-[0m [0m[1m[0mbucket[0m[0m = "smmp-web-client-dev" [90m->[0m [0m[90mnull[0m[0m
      [31m-[0m [0m[1m[0mid[0m[0m     = "smmp-web-client-dev" [90m->[0m [0m[90mnull[0m[0m
      [31m-[0m [0m[1m[0mpolicy[0m[0m = jsonencode(
            {
              [31m-[0m [0mStatement = [
                  [31m-[0m [0m{
                      [31m-[0m [0mAction    = "s3:GetObject"
                      [31m-[0m [0mEffect    = "Allow"
                      [31m-[0m [0mPrincipal = {
                          [31m-[0m [0mAWS = "*"
                        }
                      [31m-[0m [0mResource  = "arn:aws:s3:::smmp-web-client-dev/*"
                      [31m-[0m [0mSid       = ""
                    },
                ]
              [31m-[0m [0mVersion   = "2012-10-17"
            }
        ) [90m->[0m [0m[90mnull[0m[0m
    }

[1m  # module.web_client_dev.aws_s3_bucket_website_configuration.web_bucket[0m will be [1m[31mdestroyed[0m
  # (because aws_s3_bucket_website_configuration.web_bucket is not in configuration)[0m
[0m  [31m-[0m[0m resource "aws_s3_bucket_website_configuration" "web_bucket" {
      [31m-[0m [0m[1m[0mbucket[0m[0m           = "smmp-web-client-dev" [90m->[0m [0m[90mnull[0m[0m
      [31m-[0m [0m[1m[0mid[0m[0m               = "smmp-web-client-dev" [90m->[0m [0m[90mnull[0m[0m
      [31m-[0m [0m[1m[0mwebsite_domain[0m[0m   = "s3-website-us-east-1.amazonaws.com" [90m->[0m [0m[90mnull[0m[0m
      [31m-[0m [0m[1m[0mwebsite_endpoint[0m[0m = "smmp-web-client-dev.s3-website-us-east-1.amazonaws.com" [90m->[0m [0m[90mnull[0m[0m

      [31m-[0m [0merror_document {
          [31m-[0m [0m[1m[0mkey[0m[0m = "index.html" [90m->[0m [0m[90mnull[0m[0m
        }

      [31m-[0m [0mindex_document {
          [31m-[0m [0m[1m[0msuffix[0m[0m = "index.html" [90m->[0m [0m[90mnull[0m[0m
        }
    }

[1m  # module.web_client_prod.aws_s3_bucket.web_bucket[0m will be [1m[31mdestroyed[0m
  # (because aws_s3_bucket.web_bucket is not in configuration)[0m
[0m  [31m-[0m[0m resource "aws_s3_bucket" "web_bucket" {
      [31m-[0m [0m[1m[0marn[0m[0m                         = "arn:aws:s3:::smmp-web-client-prod" [90m->[0m [0m[90mnull[0m[0m
      [31m-[0m [0m[1m[0mbucket[0m[0m                      = "smmp-web-client-prod" [90m->[0m [0m[90mnull[0m[0m
      [31m-[0m [0m[1m[0mbucket_domain_name[0m[0m          = "smmp-web-client-prod.s3.amazonaws.com" [90m->[0m [0m[90mnull[0m[0m
      [31m-[0m [0m[1m[0mbucket_regional_domain_name[0m[0m = "smmp-web-client-prod.s3.amazonaws.com" [90m->[0m [0m[90mnull[0m[0m
      [31m-[0m [0m[1m[0mforce_destroy[0m[0m               = false [90m->[0m [0m[90mnull[0m[0m
      [31m-[0m [0m[1m[0mhosted_zone_id[0m[0m              = "Z3AQBSTGFYJSTF" [90m->[0m [0m[90mnull[0m[0m
      [31m-[0m [0m[1m[0mid[0m[0m                          = "smmp-web-client-prod" [90m->[0m [0m[90mnull[0m[0m
      [31m-[0m [0m[1m[0mobject_lock_enabled[0m[0m         = false [90m->[0m [0m[90mnull[0m[0m
      [31m-[0m [0m[1m[0mpolicy[0m[0m                      = jsonencode(
            {
              [31m-[0m [0mStatement = [
                  [31m-[0m [0m{
                      [31m-[0m [0mAction    = "s3:GetObject"
                      [31m-[0m [0mEffect    = "Allow"
                      [31m-[0m [0mPrincipal = {
                          [31m-[0m [0mAWS = "*"
                        }
                      [31m-[0m [0mResource  = "arn:aws:s3:::smmp-web-client-prod/*"
                      [31m-[0m [0mSid       = ""
                    },
                ]
              [31m-[0m [0mVersion   = "2012-10-17"
            }
        ) [90m->[0m [0m[90mnull[0m[0m
      [31m-[0m [0m[1m[0mregion[0m[0m                      = "us-east-1" [90m->[0m [0m[90mnull[0m[0m
      [31m-[0m [0m[1m[0mrequest_payer[0m[0m               = "BucketOwner" [90m->[0m [0m[90mnull[0m[0m
      [31m-[0m [0m[1m[0mtags[0m[0m                        = {
          [31m-[0m [0m"Product"   = "client"
          [31m-[0m [0m"Stage"     = "prod"
          [31m-[0m [0m"Terraform" = "true"
        } [90m->[0m [0m[90mnull[0m[0m
      [31m-[0m [0m[1m[0mtags_all[0m[0m                    = {
          [31m-[0m [0m"Product"   = "client"
          [31m-[0m [0m"Stage"     = "prod"
          [31m-[0m [0m"Terraform" = "true"
        } [90m->[0m [0m[90mnull[0m[0m
      [31m-[0m [0m[1m[0mwebsite_domain[0m[0m              = "s3-website-us-east-1.amazonaws.com" [90m->[0m [0m[90mnull[0m[0m
      [31m-[0m [0m[1m[0mwebsite_endpoint[0m[0m            = "smmp-web-client-prod.s3-website-us-east-1.amazonaws.com" [90m->[0m [0m[90mnull[0m[0m

      [31m-[0m [0mgrant {
          [31m-[0m [0m[1m[0mid[0m[0m          = "60ee4e1458c3885c934205beffe1dd3d467c7893d24c2a0c25735a331379add1" [90m->[0m [0m[90mnull[0m[0m
          [31m-[0m [0m[1m[0mpermissions[0m[0m = [
              [31m-[0m [0m"FULL_CONTROL",
            ] [90m->[0m [0m[90mnull[0m[0m
          [31m-[0m [0m[1m[0mtype[0m[0m        = "CanonicalUser" [90m->[0m [0m[90mnull[0m[0m
        }

      [31m-[0m [0mversioning {
          [31m-[0m [0m[1m[0menabled[0m[0m    = false [90m->[0m [0m[90mnull[0m[0m
          [31m-[0m [0m[1m[0mmfa_delete[0m[0m = false [90m->[0m [0m[90mnull[0m[0m
        }

      [31m-[0m [0mwebsite {
          [31m-[0m [0m[1m[0merror_document[0m[0m = "index.html" [90m->[0m [0m[90mnull[0m[0m
          [31m-[0m [0m[1m[0mindex_document[0m[0m = "index.html" [90m->[0m [0m[90mnull[0m[0m
        }
    }

[1m  # module.web_client_prod.aws_s3_bucket_policy.web_bucket[0m will be [1m[31mdestroyed[0m
  # (because aws_s3_bucket_policy.web_bucket is not in configuration)[0m
[0m  [31m-[0m[0m resource "aws_s3_bucket_policy" "web_bucket" {
      [31m-[0m [0m[1m[0mbucket[0m[0m = "smmp-web-client-prod" [90m->[0m [0m[90mnull[0m[0m
      [31m-[0m [0m[1m[0mid[0m[0m     = "smmp-web-client-prod" [90m->[0m [0m[90mnull[0m[0m
      [31m-[0m [0m[1m[0mpolicy[0m[0m = jsonencode(
            {
              [31m-[0m [0mStatement = [
                  [31m-[0m [0m{
                      [31m-[0m [0mAction    = "s3:GetObject"
                      [31m-[0m [0mEffect    = "Allow"
                      [31m-[0m [0mPrincipal = {
                          [31m-[0m [0mAWS = "*"
                        }
                      [31m-[0m [0mResource  = "arn:aws:s3:::smmp-web-client-prod/*"
                      [31m-[0m [0mSid       = ""
                    },
                ]
              [31m-[0m [0mVersion   = "2012-10-17"
            }
        ) [90m->[0m [0m[90mnull[0m[0m
    }

[1m  # module.web_client_prod.aws_s3_bucket_website_configuration.web_bucket[0m will be [1m[31mdestroyed[0m
  # (because aws_s3_bucket_website_configuration.web_bucket is not in configuration)[0m
[0m  [31m-[0m[0m resource "aws_s3_bucket_website_configuration" "web_bucket" {
      [31m-[0m [0m[1m[0mbucket[0m[0m           = "smmp-web-client-prod" [90m->[0m [0m[90mnull[0m[0m
      [31m-[0m [0m[1m[0mid[0m[0m               = "smmp-web-client-prod" [90m->[0m [0m[90mnull[0m[0m
      [31m-[0m [0m[1m[0mwebsite_domain[0m[0m   = "s3-website-us-east-1.amazonaws.com" [90m->[0m [0m[90mnull[0m[0m
      [31m-[0m [0m[1m[0mwebsite_endpoint[0m[0m = "smmp-web-client-prod.s3-website-us-east-1.amazonaws.com" [90m->[0m [0m[90mnull[0m[0m

      [31m-[0m [0merror_document {
          [31m-[0m [0m[1m[0mkey[0m[0m = "index.html" [90m->[0m [0m[90mnull[0m[0m
        }

      [31m-[0m [0mindex_document {
          [31m-[0m [0m[1m[0msuffix[0m[0m = "index.html" [90m->[0m [0m[90mnull[0m[0m
        }
    }

[0m[1mPlan:[0m 16 to add, 0 to change, 16 to destroy.
[0m[0m
[1mChanges to Outputs:[0m[0m
  [31m-[0m [0m[1m[0mapi_proxy_dev_ec2_public_ip[0m[0m  = "ec2-34-238-181-64.compute-1.amazonaws.com" [90m->[0m [0m[90mnull[0m[0m
  [31m-[0m [0m[1m[0mapi_proxy_prod_ec2_public_ip[0m[0m = "ec2-3-226-6-32.compute-1.amazonaws.com" [90m->[0m [0m[90mnull[0m[0m
  [31m-[0m [0m[1m[0mweb_client_dev_domain[0m[0m        = "d1xg9l5tde1b65.cloudfront.net" [90m->[0m [0m[90mnull[0m[0m
  [31m-[0m [0m[1m[0mweb_client_dev_name[0m[0m          = "smmp-web-client-dev" [90m->[0m [0m[90mnull[0m[0m
  [31m-[0m [0m[1m[0mweb_client_prod_domain[0m[0m       = "d21gf1rtovkxuc.cloudfront.net" [90m->[0m [0m[90mnull[0m[0m
  [31m-[0m [0m[1m[0mweb_client_prod_name[0m[0m         = "smmp-web-client-prod" [90m->[0m [0m[90mnull[0m[0m
  [32m+[0m [0m[1m[0mweb_clients[0m[0m                  = [
      [32m+[0m [0m[
          [32m+[0m [0m(known after apply),
          [32m+[0m [0m(known after apply),
        ],
    ]
[90m
─────────────────────────────────────────────────────────────────────────────[0m

Note: You didn't use the -out option to save this plan, so Terraform can't
guarantee to take exactly these actions if you run "terraform apply" now.
Releasing state lock. This may take a few moments...
